// !$*UTF8*$!
{
	archiveVersion = 1;
	classes = {
	};
	objectVersion = 52;
	objects = {

/* Begin PBXBuildFile section */
		8542D3FE22D66E0300F56F70 /* ServerManager.swift in Sources */ = {isa = PBXBuildFile; fileRef = 8542D3FD22D66E0300F56F70 /* ServerManager.swift */; };
		8542D40022D69CBF00F56F70 /* ClientList.swift in Sources */ = {isa = PBXBuildFile; fileRef = 8542D3FF22D69CBF00F56F70 /* ClientList.swift */; };
		8542D40622D6A95E00F56F70 /* AddServer.swift in Sources */ = {isa = PBXBuildFile; fileRef = 8542D40522D6A95E00F56F70 /* AddServer.swift */; };
		85A2F87C22DAC2F300B2FD7D /* ClientCell.swift in Sources */ = {isa = PBXBuildFile; fileRef = 85A2F87A22DAC2F300B2FD7D /* ClientCell.swift */; };
		85A2F87D22DAC2F300B2FD7D /* ServerCell.swift in Sources */ = {isa = PBXBuildFile; fileRef = 85A2F87B22DAC2F300B2FD7D /* ServerCell.swift */; };
		85CECBF922D9897400EF1A6E /* Settings.swift in Sources */ = {isa = PBXBuildFile; fileRef = 85CECBF822D9897400EF1A6E /* Settings.swift */; };
		8C36F32D15727B1432C2C03A /* Pods_Sandpolis.framework in Frameworks */ = {isa = PBXBuildFile; fileRef = 87E698DECED333654BF5F210 /* Pods_Sandpolis.framework */; };
		8E653C2222E6595D00BB8FEA /* ClientManager.swift in Sources */ = {isa = PBXBuildFile; fileRef = 8E653C2122E6595D00BB8FEA /* ClientManager.swift */; };
		8E72F6CE2300C46F000D621A /* CoreLocation.framework in Frameworks */ = {isa = PBXBuildFile; fileRef = 8E72F6CD2300C46F000D621A /* CoreLocation.framework */; };
		8E72F6D02300C70E000D621A /* MapKit.framework in Frameworks */ = {isa = PBXBuildFile; fileRef = 8E72F6CF2300C70E000D621A /* MapKit.framework */; };
		8EAD841C22CBD80700B49D59 /* ClientMap.swift in Sources */ = {isa = PBXBuildFile; fileRef = 8EAD841B22CBD80700B49D59 /* ClientMap.swift */; };
		AA07249E2311E2A00087190F /* CloudPricing.swift in Sources */ = {isa = PBXBuildFile; fileRef = AA07249D2311E2A00087190F /* CloudPricing.swift */; };
		AA0724A02311E6F20087190F /* CloudUtil.swift in Sources */ = {isa = PBXBuildFile; fileRef = AA07249F2311E6F20087190F /* CloudUtil.swift */; };
		AA0724A32312203C0087190F /* ClientScanner.swift in Sources */ = {isa = PBXBuildFile; fileRef = AA0724A22312203C0087190F /* ClientScanner.swift */; };
		AA3BDAAD23838FC600540564 /* UITextField+Icon.swift in Sources */ = {isa = PBXBuildFile; fileRef = AA3BDAAC23838FC600540564 /* UITextField+Icon.swift */; };
		AA42524222E953B30083F7F4 /* MacroSelectCell.swift in Sources */ = {isa = PBXBuildFile; fileRef = AA42524122E953B30083F7F4 /* MacroSelectCell.swift */; };
		AA42524422E980380083F7F4 /* MacroResult.swift in Sources */ = {isa = PBXBuildFile; fileRef = AA42524322E980380083F7F4 /* MacroResult.swift */; };
		AA61588A233583CF0035622F /* ManagementHandler.swift in Sources */ = {isa = PBXBuildFile; fileRef = AA615889233583CF0035622F /* ManagementHandler.swift */; };
		AA61588C23359FF50035622F /* ClientHandler.swift in Sources */ = {isa = PBXBuildFile; fileRef = AA61588B23359FF50035622F /* ClientHandler.swift */; };
		AA61588E2335A4300035622F /* SandpolisUtil.swift in Sources */ = {isa = PBXBuildFile; fileRef = AA61588D2335A4300035622F /* SandpolisUtil.swift */; };
		AA642E442308BC4D0027BEC2 /* ClientAnnotation.swift in Sources */ = {isa = PBXBuildFile; fileRef = AA642E432308BC4D0027BEC2 /* ClientAnnotation.swift */; };
		AA677D1A235D5174001BE400 /* InfoCell.swift in Sources */ = {isa = PBXBuildFile; fileRef = AA677D19235D5174001BE400 /* InfoCell.swift */; };
		AA677D1C235D5683001BE400 /* Attribute.swift in Sources */ = {isa = PBXBuildFile; fileRef = AA677D1B235D5683001BE400 /* Attribute.swift */; };
		AA69CCA122DE85CC00DFD721 /* MacroResultHeader.swift in Sources */ = {isa = PBXBuildFile; fileRef = AA69CCA022DE85CC00DFD721 /* MacroResultHeader.swift */; };
		AA69CCA522DE8F2700DFD721 /* MacroResultHeader.xib in Resources */ = {isa = PBXBuildFile; fileRef = AA69CCA422DE8F2700DFD721 /* MacroResultHeader.xib */; };
		AA69CCA722DE9E0000DFD721 /* MacroSelect.swift in Sources */ = {isa = PBXBuildFile; fileRef = AA69CCA622DE9E0000DFD721 /* MacroSelect.swift */; };
		AA69CF84236284C4008101AA /* terminal.html in Resources */ = {isa = PBXBuildFile; fileRef = AA69CF83236284C4008101AA /* terminal.html */; };
		AA69CF88236284E1008101AA /* xterm.js in Resources */ = {isa = PBXBuildFile; fileRef = AA69CF85236284E0008101AA /* xterm.js */; };
		AA69CF89236284E1008101AA /* xterm.css in Resources */ = {isa = PBXBuildFile; fileRef = AA69CF86236284E0008101AA /* xterm.css */; };
		AA69CF8A236284E1008101AA /* fit.js in Resources */ = {isa = PBXBuildFile; fileRef = AA69CF87236284E0008101AA /* fit.js */; };
		AA69CFAC2362A325008101AA /* TerminalTheme.swift in Sources */ = {isa = PBXBuildFile; fileRef = AA69CF9E2362A325008101AA /* TerminalTheme.swift */; };
		AA69CFAD2362A325008101AA /* Ubuntu.swift in Sources */ = {isa = PBXBuildFile; fileRef = AA69CF9F2362A325008101AA /* Ubuntu.swift */; };
		AA6A75B8236154BB00AA1A4D /* Terminal.swift in Sources */ = {isa = PBXBuildFile; fileRef = AA6A75B7236154BB00AA1A4D /* Terminal.swift */; };
		AA6A75BA236156F700AA1A4D /* TerminalView.swift in Sources */ = {isa = PBXBuildFile; fileRef = AA6A75B9236156F700AA1A4D /* TerminalView.swift */; };
		AA6CACE822DD26F600041AF3 /* OverviewTable.swift in Sources */ = {isa = PBXBuildFile; fileRef = AA6CACE722DD26F600041AF3 /* OverviewTable.swift */; };
		AA6CACEB22DD34A900041AF3 /* FormatUtil.swift in Sources */ = {isa = PBXBuildFile; fileRef = AA6CACEA22DD34A900041AF3 /* FormatUtil.swift */; };
		AA6CACED22DD432000041AF3 /* GroupPanelTable.swift in Sources */ = {isa = PBXBuildFile; fileRef = AA6CACEC22DD432000041AF3 /* GroupPanelTable.swift */; };
		AA6CACEF22DD445000041AF3 /* GroupOverview.swift in Sources */ = {isa = PBXBuildFile; fileRef = AA6CACEE22DD445000041AF3 /* GroupOverview.swift */; };
		AA6CACF122DD48D300041AF3 /* GroupHostCell.swift in Sources */ = {isa = PBXBuildFile; fileRef = AA6CACF022DD48D300041AF3 /* GroupHostCell.swift */; };
		AA6CACFC22DD658C00041AF3 /* MacroResults.swift in Sources */ = {isa = PBXBuildFile; fileRef = AA6CACFB22DD658C00041AF3 /* MacroResults.swift */; };
		AA6E007222F73C1400BB51ED /* Login.swift in Sources */ = {isa = PBXBuildFile; fileRef = AA6E007122F73C1400BB51ED /* Login.swift */; };
		AA70158422D7C93900A1E4ED /* SandpolisProfile.swift in Sources */ = {isa = PBXBuildFile; fileRef = AA70158322D7C93900A1E4ED /* SandpolisProfile.swift */; };
		AA70158622D7C98D00A1E4ED /* SandpolisServer.swift in Sources */ = {isa = PBXBuildFile; fileRef = AA70158522D7C98D00A1E4ED /* SandpolisServer.swift */; };
		AA70158922D7CAD800A1E4ED /* SandpolisStream.swift in Sources */ = {isa = PBXBuildFile; fileRef = AA70158822D7CAD800A1E4ED /* SandpolisStream.swift */; };
		AA72362B22D42F27004EE888 /* Overview.swift in Sources */ = {isa = PBXBuildFile; fileRef = AA72362A22D42F27004EE888 /* Overview.swift */; };
		AA72E0D62367D07600C23D39 /* MacroCell.swift in Sources */ = {isa = PBXBuildFile; fileRef = AA72E0D52367D07600C23D39 /* MacroCell.swift */; };
		AA72E0D82367D22F00C23D39 /* MacroResultCell.swift in Sources */ = {isa = PBXBuildFile; fileRef = AA72E0D72367D22E00C23D39 /* MacroResultCell.swift */; };
		AA752B4622F2340100E90B54 /* BackgroundView.swift in Sources */ = {isa = PBXBuildFile; fileRef = AA752B4522F2340100E90B54 /* BackgroundView.swift */; };
		AA75D6DC2316DBCB002152DA /* StoreKit.framework in Frameworks */ = {isa = PBXBuildFile; fileRef = AA75D6DB2316DBCB002152DA /* StoreKit.framework */; };
		AA766B0622C944530053777B /* FileManager.swift in Sources */ = {isa = PBXBuildFile; fileRef = AA766B0522C944530053777B /* FileManager.swift */; };
		AA81DD5322BD8C5200024120 /* AppDelegate.swift in Sources */ = {isa = PBXBuildFile; fileRef = AA81DD5222BD8C5200024120 /* AppDelegate.swift */; };
		AA81DD5822BD8C5200024120 /* Main.storyboard in Resources */ = {isa = PBXBuildFile; fileRef = AA81DD5622BD8C5200024120 /* Main.storyboard */; };
		AA81DD5D22BD8C5400024120 /* Assets.xcassets in Resources */ = {isa = PBXBuildFile; fileRef = AA81DD5C22BD8C5400024120 /* Assets.xcassets */; };
		AA81DD6022BD8C5400024120 /* LaunchScreen.storyboard in Resources */ = {isa = PBXBuildFile; fileRef = AA81DD5E22BD8C5400024120 /* LaunchScreen.storyboard */; };
		AA86F6DE23497866000C0B94 /* Step4.swift in Sources */ = {isa = PBXBuildFile; fileRef = AA86F6DD23497866000C0B94 /* Step4.swift */; };
		AA899D2E2319E6A000E7C703 /* ServerCreator.swift in Sources */ = {isa = PBXBuildFile; fileRef = AA899D2D2319E6A000E7C703 /* ServerCreator.swift */; };
		AA899D30231A065000E7C703 /* Step1.swift in Sources */ = {isa = PBXBuildFile; fileRef = AA899D2F231A065000E7C703 /* Step1.swift */; };
		AA899D32231A066500E7C703 /* Step2.swift in Sources */ = {isa = PBXBuildFile; fileRef = AA899D31231A066500E7C703 /* Step2.swift */; };
		AA899D34231A067A00E7C703 /* Step3.swift in Sources */ = {isa = PBXBuildFile; fileRef = AA899D33231A067A00E7C703 /* Step3.swift */; };
		AA8B1BAF22CB1AC0009DB0EC /* MacroEditor.swift in Sources */ = {isa = PBXBuildFile; fileRef = AA8B1BAE22CB1AC0009DB0EC /* MacroEditor.swift */; };
		AAA591B92384CCEF00A2893A /* UIViewController+Login.swift in Sources */ = {isa = PBXBuildFile; fileRef = AAA591B82384CCEF00A2893A /* UIViewController+Login.swift */; };
		AAA8BFC1237E53CE00BB4C85 /* msg_listener.pb.swift in Sources */ = {isa = PBXBuildFile; fileRef = AAA8BF97237E53CE00BB4C85 /* msg_listener.pb.swift */; };
		AAA8BFC2237E53CF00BB4C85 /* msg_user.pb.swift in Sources */ = {isa = PBXBuildFile; fileRef = AAA8BF98237E53CE00BB4C85 /* msg_user.pb.swift */; };
		AAA8BFC3237E53CF00BB4C85 /* msg_client.pb.swift in Sources */ = {isa = PBXBuildFile; fileRef = AAA8BF99237E53CE00BB4C85 /* msg_client.pb.swift */; };
		AAA8BFC4237E53CF00BB4C85 /* msg_generator.pb.swift in Sources */ = {isa = PBXBuildFile; fileRef = AAA8BF9A237E53CE00BB4C85 /* msg_generator.pb.swift */; };
		AAA8BFC5237E53CF00BB4C85 /* msg_network.pb.swift in Sources */ = {isa = PBXBuildFile; fileRef = AAA8BF9B237E53CE00BB4C85 /* msg_network.pb.swift */; };
		AAA8BFC6237E53CF00BB4C85 /* msg_auth.pb.swift in Sources */ = {isa = PBXBuildFile; fileRef = AAA8BF9C237E53CE00BB4C85 /* msg_auth.pb.swift */; };
		AAA8BFC7237E53CF00BB4C85 /* msg_attribute.pb.swift in Sources */ = {isa = PBXBuildFile; fileRef = AAA8BF9D237E53CE00BB4C85 /* msg_attribute.pb.swift */; };
		AAA8BFC8237E53CF00BB4C85 /* msg_plugin.pb.swift in Sources */ = {isa = PBXBuildFile; fileRef = AAA8BF9E237E53CE00BB4C85 /* msg_plugin.pb.swift */; };
		AAA8BFC9237E53CF00BB4C85 /* msg_server.pb.swift in Sources */ = {isa = PBXBuildFile; fileRef = AAA8BF9F237E53CE00BB4C85 /* msg_server.pb.swift */; };
		AAA8BFCA237E53CF00BB4C85 /* msg_stream.pb.swift in Sources */ = {isa = PBXBuildFile; fileRef = AAA8BFA0237E53CE00BB4C85 /* msg_stream.pb.swift */; };
		AAA8BFCB237E53CF00BB4C85 /* msg_ping.pb.swift in Sources */ = {isa = PBXBuildFile; fileRef = AAA8BFA1237E53CE00BB4C85 /* msg_ping.pb.swift */; };
		AAA8BFCC237E53CF00BB4C85 /* msg_group.pb.swift in Sources */ = {isa = PBXBuildFile; fileRef = AAA8BFA2237E53CE00BB4C85 /* msg_group.pb.swift */; };
		AAA8BFCD237E53CF00BB4C85 /* msg_login.pb.swift in Sources */ = {isa = PBXBuildFile; fileRef = AAA8BFA3237E53CE00BB4C85 /* msg_login.pb.swift */; };
		AAA8BFCE237E53CF00BB4C85 /* msg_cvid.pb.swift in Sources */ = {isa = PBXBuildFile; fileRef = AAA8BFA4237E53CE00BB4C85 /* msg_cvid.pb.swift */; };
		AAA8BFCF237E53CF00BB4C85 /* message.pb.swift in Sources */ = {isa = PBXBuildFile; fileRef = AAA8BFA5237E53CE00BB4C85 /* message.pb.swift */; };
		AAA8BFD0237E53CF00BB4C85 /* result.pb.swift in Sources */ = {isa = PBXBuildFile; fileRef = AAA8BFA7237E53CE00BB4C85 /* result.pb.swift */; };
		AAA8BFD1237E53CF00BB4C85 /* generator.pb.swift in Sources */ = {isa = PBXBuildFile; fileRef = AAA8BFA8237E53CE00BB4C85 /* generator.pb.swift */; };
		AAA8BFD2237E53CF00BB4C85 /* platform.pb.swift in Sources */ = {isa = PBXBuildFile; fileRef = AAA8BFA9237E53CE00BB4C85 /* platform.pb.swift */; };
		AAA8BFD3237E53CF00BB4C85 /* auth.pb.swift in Sources */ = {isa = PBXBuildFile; fileRef = AAA8BFAA237E53CE00BB4C85 /* auth.pb.swift */; };
		AAA8BFD4237E53CF00BB4C85 /* location.pb.swift in Sources */ = {isa = PBXBuildFile; fileRef = AAA8BFAB237E53CE00BB4C85 /* location.pb.swift */; };
		AAA8BFD5237E53CF00BB4C85 /* listener.pb.swift in Sources */ = {isa = PBXBuildFile; fileRef = AAA8BFAD237E53CE00BB4C85 /* listener.pb.swift */; };
		AAA8BFD6237E53CF00BB4C85 /* attribute.pb.swift in Sources */ = {isa = PBXBuildFile; fileRef = AAA8BFAE237E53CE00BB4C85 /* attribute.pb.swift */; };
		AAA8BFD7237E53CF00BB4C85 /* user.pb.swift in Sources */ = {isa = PBXBuildFile; fileRef = AAA8BFAF237E53CE00BB4C85 /* user.pb.swift */; };
		AAA8BFD8237E53CF00BB4C85 /* group.pb.swift in Sources */ = {isa = PBXBuildFile; fileRef = AAA8BFB0237E53CE00BB4C85 /* group.pb.swift */; };
		AAA8BFD9237E53CF00BB4C85 /* msg_power.pb.swift in Sources */ = {isa = PBXBuildFile; fileRef = AAA8BFB4237E53CE00BB4C85 /* msg_power.pb.swift */; };
		AAA8BFDA237E53CF00BB4C85 /* msg_shell.pb.swift in Sources */ = {isa = PBXBuildFile; fileRef = AAA8BFB5237E53CE00BB4C85 /* msg_shell.pb.swift */; };
		AAA8BFDB237E53CF00BB4C85 /* message_shell.pb.swift in Sources */ = {isa = PBXBuildFile; fileRef = AAA8BFB6237E53CE00BB4C85 /* message_shell.pb.swift */; };
		AAA8BFDC237E53CF00BB4C85 /* msg_filesys.pb.swift in Sources */ = {isa = PBXBuildFile; fileRef = AAA8BFB9237E53CE00BB4C85 /* msg_filesys.pb.swift */; };
		AAA8BFDD237E53CF00BB4C85 /* message_filesys.pb.swift in Sources */ = {isa = PBXBuildFile; fileRef = AAA8BFBA237E53CE00BB4C85 /* message_filesys.pb.swift */; };
		AAA8BFDE237E53CF00BB4C85 /* msg_desktop.pb.swift in Sources */ = {isa = PBXBuildFile; fileRef = AAA8BFBD237E53CE00BB4C85 /* msg_desktop.pb.swift */; };
		AAA8BFDF237E53CF00BB4C85 /* message_desktop.pb.swift in Sources */ = {isa = PBXBuildFile; fileRef = AAA8BFBE237E53CE00BB4C85 /* message_desktop.pb.swift */; };
		AAA8BFE0237E53CF00BB4C85 /* msg_clipboard.pb.swift in Sources */ = {isa = PBXBuildFile; fileRef = AAA8BFBF237E53CE00BB4C85 /* msg_clipboard.pb.swift */; };
		AAA8BFE1237E53CF00BB4C85 /* msg_rd.pb.swift in Sources */ = {isa = PBXBuildFile; fileRef = AAA8BFC0237E53CE00BB4C85 /* msg_rd.pb.swift */; };
		AAAC2FD42355012000425E9A /* ControlPanel.swift in Sources */ = {isa = PBXBuildFile; fileRef = AAAC2FD32355012000425E9A /* ControlPanel.swift */; };
		AAAC2FD623550D5900425E9A /* Actions.swift in Sources */ = {isa = PBXBuildFile; fileRef = AAAC2FD523550D5900425E9A /* Actions.swift */; };
		AAAC2FD8235512A200425E9A /* RemoteDesktop.swift in Sources */ = {isa = PBXBuildFile; fileRef = AAAC2FD7235512A200425E9A /* RemoteDesktop.swift */; };
		AAB1518623A4671900BCFAFD /* NIOProtobuf in Frameworks */ = {isa = PBXBuildFile; productRef = AAB1518523A4671900BCFAFD /* NIOProtobuf */; };
		AAB6D957235FEA6300FED79B /* Document.swift in Sources */ = {isa = PBXBuildFile; fileRef = AAB6D956235FEA6300FED79B /* Document.swift */; };
		AAB9B6D2239C349F002F192C /* About.swift in Sources */ = {isa = PBXBuildFile; fileRef = AAB9B6D1239C349F002F192C /* About.swift */; };
		AABF01E923349D6800DEA0E4 /* NIO in Frameworks */ = {isa = PBXBuildFile; productRef = AABF01E823349D6800DEA0E4 /* NIO */; };
		AABF01EC23349DE300DEA0E4 /* NIOSSL in Frameworks */ = {isa = PBXBuildFile; productRef = AABF01EB23349DE300DEA0E4 /* NIOSSL */; };
		AABF01EF23349ED300DEA0E4 /* SwiftProtobuf in Frameworks */ = {isa = PBXBuildFile; productRef = AABF01EE23349ED300DEA0E4 /* SwiftProtobuf */; };
		AABFEE17237D359D0022C58D /* GroupActions.swift in Sources */ = {isa = PBXBuildFile; fileRef = AABFEE16237D359C0022C58D /* GroupActions.swift */; };
		AABFEE19237D397F0022C58D /* GroupControlPanel.swift in Sources */ = {isa = PBXBuildFile; fileRef = AABFEE18237D397F0022C58D /* GroupControlPanel.swift */; };
		AAC170DE238E0D6D0055FC9B /* Charts in Frameworks */ = {isa = PBXBuildFile; productRef = AAC170DD238E0D6D0055FC9B /* Charts */; };
		AAC198F922E40CA6004361C5 /* FileCell.swift in Sources */ = {isa = PBXBuildFile; fileRef = AAC198F822E40CA6004361C5 /* FileCell.swift */; };
		AAC198FD22E40D27004361C5 /* FolderCell.swift in Sources */ = {isa = PBXBuildFile; fileRef = AAC198FC22E40D27004361C5 /* FolderCell.swift */; };
		AAC4B69422BDE54500B0E354 /* SandpolisConnection.swift in Sources */ = {isa = PBXBuildFile; fileRef = AAC4B69322BDE54500B0E354 /* SandpolisConnection.swift */; };
		AAC71BA423939E0B00E6C901 /* SwiftEventBus in Frameworks */ = {isa = PBXBuildFile; productRef = AAC71BA323939E0B00E6C901 /* SwiftEventBus */; };
		AACBF8D622F3A9750015DCE6 /* FolderUpCell.swift in Sources */ = {isa = PBXBuildFile; fileRef = AACBF8D522F3A9750015DCE6 /* FolderUpCell.swift */; };
		AADCAF10238A2BC200E6452E /* AboutTable.swift in Sources */ = {isa = PBXBuildFile; fileRef = AADCAF0F238A2BC200E6452E /* AboutTable.swift */; };
		AADCAF12238A2CDA00E6452E /* VersionCell.swift in Sources */ = {isa = PBXBuildFile; fileRef = AADCAF11238A2CDA00E6452E /* VersionCell.swift */; };
		AADED2D1238C9E650099D067 /* SandpolisConnection+DesktopPlugin.swift in Sources */ = {isa = PBXBuildFile; fileRef = AADED2D0238C9E650099D067 /* SandpolisConnection+DesktopPlugin.swift */; };
		AADED2D3238CA2F30099D067 /* SandpolisConnection+ShellPlugin.swift in Sources */ = {isa = PBXBuildFile; fileRef = AADED2D2238CA2F30099D067 /* SandpolisConnection+ShellPlugin.swift */; };
		AADED2D5238CA3800099D067 /* SandpolisConnection+FilesysPlugin.swift in Sources */ = {isa = PBXBuildFile; fileRef = AADED2D4238CA3800099D067 /* SandpolisConnection+FilesysPlugin.swift */; };
		AAF113B922CC50C800987EAF /* MacroManager.swift in Sources */ = {isa = PBXBuildFile; fileRef = AAF113B822CC50C800987EAF /* MacroManager.swift */; };
		AAF390E5230BC796008C9469 /* CvidRequestHandler.swift in Sources */ = {isa = PBXBuildFile; fileRef = AAF390E4230BC796008C9469 /* CvidRequestHandler.swift */; };
		AAF390E7230BC7F1008C9469 /* ResponseHandler.swift in Sources */ = {isa = PBXBuildFile; fileRef = AAF390E6230BC7F1008C9469 /* ResponseHandler.swift */; };
		AAF3F67123557362003EE9B1 /* ShellSession.swift in Sources */ = {isa = PBXBuildFile; fileRef = AAF3F67023557362003EE9B1 /* ShellSession.swift */; };
		ED1FB93F22D83F4200D35565 /* LoginAccount.swift in Sources */ = {isa = PBXBuildFile; fileRef = ED1FB93E22D83F4200D35565 /* LoginAccount.swift */; };
		ED5A420822DFB19A00EA3C98 /* GoogleService-Info.plist in Resources */ = {isa = PBXBuildFile; fileRef = ED5A420722DFB19A00EA3C98 /* GoogleService-Info.plist */; };
		ED5A421222E5284900EA3C98 /* LoginServer.swift in Sources */ = {isa = PBXBuildFile; fileRef = ED5A421122E5284900EA3C98 /* LoginServer.swift */; };
		ED5A421422E5289C00EA3C98 /* CreateAccount.swift in Sources */ = {isa = PBXBuildFile; fileRef = ED5A421322E5289C00EA3C98 /* CreateAccount.swift */; };
/* End PBXBuildFile section */

/* Begin PBXFileReference section */
		8542D3FD22D66E0300F56F70 /* ServerManager.swift */ = {isa = PBXFileReference; lastKnownFileType = sourcecode.swift; path = ServerManager.swift; sourceTree = "<group>"; };
		8542D3FF22D69CBF00F56F70 /* ClientList.swift */ = {isa = PBXFileReference; lastKnownFileType = sourcecode.swift; path = ClientList.swift; sourceTree = "<group>"; };
		8542D40522D6A95E00F56F70 /* AddServer.swift */ = {isa = PBXFileReference; lastKnownFileType = sourcecode.swift; path = AddServer.swift; sourceTree = "<group>"; };
		85A2F87A22DAC2F300B2FD7D /* ClientCell.swift */ = {isa = PBXFileReference; fileEncoding = 4; lastKnownFileType = sourcecode.swift; path = ClientCell.swift; sourceTree = "<group>"; };
		85A2F87B22DAC2F300B2FD7D /* ServerCell.swift */ = {isa = PBXFileReference; fileEncoding = 4; lastKnownFileType = sourcecode.swift; path = ServerCell.swift; sourceTree = "<group>"; };
		85CECBF822D9897400EF1A6E /* Settings.swift */ = {isa = PBXFileReference; lastKnownFileType = sourcecode.swift; path = Settings.swift; sourceTree = "<group>"; };
		87E698DECED333654BF5F210 /* Pods_Sandpolis.framework */ = {isa = PBXFileReference; explicitFileType = wrapper.framework; includeInIndex = 0; path = Pods_Sandpolis.framework; sourceTree = BUILT_PRODUCTS_DIR; };
		8E653C2122E6595D00BB8FEA /* ClientManager.swift */ = {isa = PBXFileReference; lastKnownFileType = sourcecode.swift; path = ClientManager.swift; sourceTree = "<group>"; };
		8E72F6CD2300C46F000D621A /* CoreLocation.framework */ = {isa = PBXFileReference; lastKnownFileType = wrapper.framework; name = CoreLocation.framework; path = System/Library/Frameworks/CoreLocation.framework; sourceTree = SDKROOT; };
		8E72F6CF2300C70E000D621A /* MapKit.framework */ = {isa = PBXFileReference; lastKnownFileType = wrapper.framework; name = MapKit.framework; path = System/Library/Frameworks/MapKit.framework; sourceTree = SDKROOT; };
		8EAD841B22CBD80700B49D59 /* ClientMap.swift */ = {isa = PBXFileReference; fileEncoding = 4; lastKnownFileType = sourcecode.swift; path = ClientMap.swift; sourceTree = "<group>"; };
		AA07249D2311E2A00087190F /* CloudPricing.swift */ = {isa = PBXFileReference; lastKnownFileType = sourcecode.swift; path = CloudPricing.swift; sourceTree = "<group>"; };
		AA07249F2311E6F20087190F /* CloudUtil.swift */ = {isa = PBXFileReference; lastKnownFileType = sourcecode.swift; path = CloudUtil.swift; sourceTree = "<group>"; };
		AA0724A22312203C0087190F /* ClientScanner.swift */ = {isa = PBXFileReference; lastKnownFileType = sourcecode.swift; path = ClientScanner.swift; sourceTree = "<group>"; };
		AA3BDAAC23838FC600540564 /* UITextField+Icon.swift */ = {isa = PBXFileReference; lastKnownFileType = sourcecode.swift; path = "UITextField+Icon.swift"; sourceTree = "<group>"; };
		AA42524122E953B30083F7F4 /* MacroSelectCell.swift */ = {isa = PBXFileReference; lastKnownFileType = sourcecode.swift; path = MacroSelectCell.swift; sourceTree = "<group>"; };
		AA42524322E980380083F7F4 /* MacroResult.swift */ = {isa = PBXFileReference; lastKnownFileType = sourcecode.swift; path = MacroResult.swift; sourceTree = "<group>"; };
		AA615889233583CF0035622F /* ManagementHandler.swift */ = {isa = PBXFileReference; lastKnownFileType = sourcecode.swift; path = ManagementHandler.swift; sourceTree = "<group>"; };
		AA61588B23359FF50035622F /* ClientHandler.swift */ = {isa = PBXFileReference; lastKnownFileType = sourcecode.swift; path = ClientHandler.swift; sourceTree = "<group>"; };
		AA61588D2335A4300035622F /* SandpolisUtil.swift */ = {isa = PBXFileReference; lastKnownFileType = sourcecode.swift; path = SandpolisUtil.swift; sourceTree = "<group>"; };
		AA642E432308BC4D0027BEC2 /* ClientAnnotation.swift */ = {isa = PBXFileReference; lastKnownFileType = sourcecode.swift; path = ClientAnnotation.swift; sourceTree = "<group>"; };
		AA677D19235D5174001BE400 /* InfoCell.swift */ = {isa = PBXFileReference; lastKnownFileType = sourcecode.swift; path = InfoCell.swift; sourceTree = "<group>"; };
		AA677D1B235D5683001BE400 /* Attribute.swift */ = {isa = PBXFileReference; lastKnownFileType = sourcecode.swift; path = Attribute.swift; sourceTree = "<group>"; };
		AA69CCA022DE85CC00DFD721 /* MacroResultHeader.swift */ = {isa = PBXFileReference; lastKnownFileType = sourcecode.swift; path = MacroResultHeader.swift; sourceTree = "<group>"; };
		AA69CCA422DE8F2700DFD721 /* MacroResultHeader.xib */ = {isa = PBXFileReference; fileEncoding = 4; lastKnownFileType = file.xib; path = MacroResultHeader.xib; sourceTree = "<group>"; };
		AA69CCA622DE9E0000DFD721 /* MacroSelect.swift */ = {isa = PBXFileReference; lastKnownFileType = sourcecode.swift; path = MacroSelect.swift; sourceTree = "<group>"; };
		AA69CF83236284C4008101AA /* terminal.html */ = {isa = PBXFileReference; fileEncoding = 4; lastKnownFileType = text.html; path = terminal.html; sourceTree = "<group>"; };
		AA69CF85236284E0008101AA /* xterm.js */ = {isa = PBXFileReference; fileEncoding = 4; lastKnownFileType = sourcecode.javascript; path = xterm.js; sourceTree = "<group>"; };
		AA69CF86236284E0008101AA /* xterm.css */ = {isa = PBXFileReference; fileEncoding = 4; lastKnownFileType = text.css; path = xterm.css; sourceTree = "<group>"; };
		AA69CF87236284E0008101AA /* fit.js */ = {isa = PBXFileReference; fileEncoding = 4; lastKnownFileType = sourcecode.javascript; path = fit.js; sourceTree = "<group>"; };
		AA69CF9E2362A325008101AA /* TerminalTheme.swift */ = {isa = PBXFileReference; fileEncoding = 4; lastKnownFileType = sourcecode.swift; path = TerminalTheme.swift; sourceTree = "<group>"; };
		AA69CF9F2362A325008101AA /* Ubuntu.swift */ = {isa = PBXFileReference; fileEncoding = 4; lastKnownFileType = sourcecode.swift; path = Ubuntu.swift; sourceTree = "<group>"; };
		AA6A75B7236154BB00AA1A4D /* Terminal.swift */ = {isa = PBXFileReference; lastKnownFileType = sourcecode.swift; path = Terminal.swift; sourceTree = "<group>"; };
		AA6A75B9236156F700AA1A4D /* TerminalView.swift */ = {isa = PBXFileReference; lastKnownFileType = sourcecode.swift; path = TerminalView.swift; sourceTree = "<group>"; };
		AA6CACE722DD26F600041AF3 /* OverviewTable.swift */ = {isa = PBXFileReference; lastKnownFileType = sourcecode.swift; path = OverviewTable.swift; sourceTree = "<group>"; };
		AA6CACEA22DD34A900041AF3 /* FormatUtil.swift */ = {isa = PBXFileReference; lastKnownFileType = sourcecode.swift; path = FormatUtil.swift; sourceTree = "<group>"; };
		AA6CACEC22DD432000041AF3 /* GroupPanelTable.swift */ = {isa = PBXFileReference; lastKnownFileType = sourcecode.swift; path = GroupPanelTable.swift; sourceTree = "<group>"; };
		AA6CACEE22DD445000041AF3 /* GroupOverview.swift */ = {isa = PBXFileReference; lastKnownFileType = sourcecode.swift; path = GroupOverview.swift; sourceTree = "<group>"; };
		AA6CACF022DD48D300041AF3 /* GroupHostCell.swift */ = {isa = PBXFileReference; lastKnownFileType = sourcecode.swift; path = GroupHostCell.swift; sourceTree = "<group>"; };
		AA6CACFB22DD658C00041AF3 /* MacroResults.swift */ = {isa = PBXFileReference; lastKnownFileType = sourcecode.swift; path = MacroResults.swift; sourceTree = "<group>"; };
		AA6E007122F73C1400BB51ED /* Login.swift */ = {isa = PBXFileReference; lastKnownFileType = sourcecode.swift; path = Login.swift; sourceTree = "<group>"; };
		AA70158322D7C93900A1E4ED /* SandpolisProfile.swift */ = {isa = PBXFileReference; lastKnownFileType = sourcecode.swift; path = SandpolisProfile.swift; sourceTree = "<group>"; };
		AA70158522D7C98D00A1E4ED /* SandpolisServer.swift */ = {isa = PBXFileReference; lastKnownFileType = sourcecode.swift; path = SandpolisServer.swift; sourceTree = "<group>"; };
		AA70158822D7CAD800A1E4ED /* SandpolisStream.swift */ = {isa = PBXFileReference; lastKnownFileType = sourcecode.swift; path = SandpolisStream.swift; sourceTree = "<group>"; };
		AA72362A22D42F27004EE888 /* Overview.swift */ = {isa = PBXFileReference; lastKnownFileType = sourcecode.swift; path = Overview.swift; sourceTree = "<group>"; };
		AA72E0D52367D07600C23D39 /* MacroCell.swift */ = {isa = PBXFileReference; fileEncoding = 4; lastKnownFileType = sourcecode.swift; path = MacroCell.swift; sourceTree = "<group>"; };
		AA72E0D72367D22E00C23D39 /* MacroResultCell.swift */ = {isa = PBXFileReference; fileEncoding = 4; lastKnownFileType = sourcecode.swift; path = MacroResultCell.swift; sourceTree = "<group>"; };
		AA752B4522F2340100E90B54 /* BackgroundView.swift */ = {isa = PBXFileReference; lastKnownFileType = sourcecode.swift; path = BackgroundView.swift; sourceTree = "<group>"; };
		AA75D6DB2316DBCB002152DA /* StoreKit.framework */ = {isa = PBXFileReference; lastKnownFileType = wrapper.framework; name = StoreKit.framework; path = System/Library/Frameworks/StoreKit.framework; sourceTree = SDKROOT; };
		AA766B0522C944530053777B /* FileManager.swift */ = {isa = PBXFileReference; lastKnownFileType = sourcecode.swift; path = FileManager.swift; sourceTree = "<group>"; };
		AA81DD4F22BD8C5200024120 /* Sandpolis.app */ = {isa = PBXFileReference; explicitFileType = wrapper.application; includeInIndex = 0; path = Sandpolis.app; sourceTree = BUILT_PRODUCTS_DIR; };
		AA81DD5222BD8C5200024120 /* AppDelegate.swift */ = {isa = PBXFileReference; lastKnownFileType = sourcecode.swift; path = AppDelegate.swift; sourceTree = "<group>"; };
		AA81DD5722BD8C5200024120 /* Base */ = {isa = PBXFileReference; lastKnownFileType = file.storyboard; name = Base; path = Base.lproj/Main.storyboard; sourceTree = "<group>"; };
		AA81DD5C22BD8C5400024120 /* Assets.xcassets */ = {isa = PBXFileReference; lastKnownFileType = folder.assetcatalog; path = Assets.xcassets; sourceTree = "<group>"; };
		AA81DD5F22BD8C5400024120 /* Base */ = {isa = PBXFileReference; lastKnownFileType = file.storyboard; name = Base; path = Base.lproj/LaunchScreen.storyboard; sourceTree = "<group>"; };
		AA81DD6122BD8C5400024120 /* Info.plist */ = {isa = PBXFileReference; lastKnownFileType = text.plist.xml; path = Info.plist; sourceTree = "<group>"; };
		AA86F6DD23497866000C0B94 /* Step4.swift */ = {isa = PBXFileReference; lastKnownFileType = sourcecode.swift; path = Step4.swift; sourceTree = "<group>"; };
		AA899D2D2319E6A000E7C703 /* ServerCreator.swift */ = {isa = PBXFileReference; lastKnownFileType = sourcecode.swift; path = ServerCreator.swift; sourceTree = "<group>"; };
		AA899D2F231A065000E7C703 /* Step1.swift */ = {isa = PBXFileReference; lastKnownFileType = sourcecode.swift; path = Step1.swift; sourceTree = "<group>"; };
		AA899D31231A066500E7C703 /* Step2.swift */ = {isa = PBXFileReference; lastKnownFileType = sourcecode.swift; path = Step2.swift; sourceTree = "<group>"; };
		AA899D33231A067A00E7C703 /* Step3.swift */ = {isa = PBXFileReference; lastKnownFileType = sourcecode.swift; path = Step3.swift; sourceTree = "<group>"; };
		AA8B1BAE22CB1AC0009DB0EC /* MacroEditor.swift */ = {isa = PBXFileReference; lastKnownFileType = sourcecode.swift; path = MacroEditor.swift; sourceTree = "<group>"; };
		AAA591B82384CCEF00A2893A /* UIViewController+Login.swift */ = {isa = PBXFileReference; lastKnownFileType = sourcecode.swift; path = "UIViewController+Login.swift"; sourceTree = "<group>"; };
		AAA8BF97237E53CE00BB4C85 /* msg_listener.pb.swift */ = {isa = PBXFileReference; fileEncoding = 4; lastKnownFileType = sourcecode.swift; path = msg_listener.pb.swift; sourceTree = "<group>"; };
		AAA8BF98237E53CE00BB4C85 /* msg_user.pb.swift */ = {isa = PBXFileReference; fileEncoding = 4; lastKnownFileType = sourcecode.swift; path = msg_user.pb.swift; sourceTree = "<group>"; };
		AAA8BF99237E53CE00BB4C85 /* msg_client.pb.swift */ = {isa = PBXFileReference; fileEncoding = 4; lastKnownFileType = sourcecode.swift; path = msg_client.pb.swift; sourceTree = "<group>"; };
		AAA8BF9A237E53CE00BB4C85 /* msg_generator.pb.swift */ = {isa = PBXFileReference; fileEncoding = 4; lastKnownFileType = sourcecode.swift; path = msg_generator.pb.swift; sourceTree = "<group>"; };
		AAA8BF9B237E53CE00BB4C85 /* msg_network.pb.swift */ = {isa = PBXFileReference; fileEncoding = 4; lastKnownFileType = sourcecode.swift; path = msg_network.pb.swift; sourceTree = "<group>"; };
		AAA8BF9C237E53CE00BB4C85 /* msg_auth.pb.swift */ = {isa = PBXFileReference; fileEncoding = 4; lastKnownFileType = sourcecode.swift; path = msg_auth.pb.swift; sourceTree = "<group>"; };
		AAA8BF9D237E53CE00BB4C85 /* msg_attribute.pb.swift */ = {isa = PBXFileReference; fileEncoding = 4; lastKnownFileType = sourcecode.swift; path = msg_attribute.pb.swift; sourceTree = "<group>"; };
		AAA8BF9E237E53CE00BB4C85 /* msg_plugin.pb.swift */ = {isa = PBXFileReference; fileEncoding = 4; lastKnownFileType = sourcecode.swift; path = msg_plugin.pb.swift; sourceTree = "<group>"; };
		AAA8BF9F237E53CE00BB4C85 /* msg_server.pb.swift */ = {isa = PBXFileReference; fileEncoding = 4; lastKnownFileType = sourcecode.swift; path = msg_server.pb.swift; sourceTree = "<group>"; };
		AAA8BFA0237E53CE00BB4C85 /* msg_stream.pb.swift */ = {isa = PBXFileReference; fileEncoding = 4; lastKnownFileType = sourcecode.swift; path = msg_stream.pb.swift; sourceTree = "<group>"; };
		AAA8BFA1237E53CE00BB4C85 /* msg_ping.pb.swift */ = {isa = PBXFileReference; fileEncoding = 4; lastKnownFileType = sourcecode.swift; path = msg_ping.pb.swift; sourceTree = "<group>"; };
		AAA8BFA2237E53CE00BB4C85 /* msg_group.pb.swift */ = {isa = PBXFileReference; fileEncoding = 4; lastKnownFileType = sourcecode.swift; path = msg_group.pb.swift; sourceTree = "<group>"; };
		AAA8BFA3237E53CE00BB4C85 /* msg_login.pb.swift */ = {isa = PBXFileReference; fileEncoding = 4; lastKnownFileType = sourcecode.swift; path = msg_login.pb.swift; sourceTree = "<group>"; };
		AAA8BFA4237E53CE00BB4C85 /* msg_cvid.pb.swift */ = {isa = PBXFileReference; fileEncoding = 4; lastKnownFileType = sourcecode.swift; path = msg_cvid.pb.swift; sourceTree = "<group>"; };
		AAA8BFA5237E53CE00BB4C85 /* message.pb.swift */ = {isa = PBXFileReference; fileEncoding = 4; lastKnownFileType = sourcecode.swift; path = message.pb.swift; sourceTree = "<group>"; };
		AAA8BFA7237E53CE00BB4C85 /* result.pb.swift */ = {isa = PBXFileReference; fileEncoding = 4; lastKnownFileType = sourcecode.swift; path = result.pb.swift; sourceTree = "<group>"; };
		AAA8BFA8237E53CE00BB4C85 /* generator.pb.swift */ = {isa = PBXFileReference; fileEncoding = 4; lastKnownFileType = sourcecode.swift; path = generator.pb.swift; sourceTree = "<group>"; };
		AAA8BFA9237E53CE00BB4C85 /* platform.pb.swift */ = {isa = PBXFileReference; fileEncoding = 4; lastKnownFileType = sourcecode.swift; path = platform.pb.swift; sourceTree = "<group>"; };
		AAA8BFAA237E53CE00BB4C85 /* auth.pb.swift */ = {isa = PBXFileReference; fileEncoding = 4; lastKnownFileType = sourcecode.swift; path = auth.pb.swift; sourceTree = "<group>"; };
		AAA8BFAB237E53CE00BB4C85 /* location.pb.swift */ = {isa = PBXFileReference; fileEncoding = 4; lastKnownFileType = sourcecode.swift; path = location.pb.swift; sourceTree = "<group>"; };
		AAA8BFAD237E53CE00BB4C85 /* listener.pb.swift */ = {isa = PBXFileReference; fileEncoding = 4; lastKnownFileType = sourcecode.swift; path = listener.pb.swift; sourceTree = "<group>"; };
		AAA8BFAE237E53CE00BB4C85 /* attribute.pb.swift */ = {isa = PBXFileReference; fileEncoding = 4; lastKnownFileType = sourcecode.swift; path = attribute.pb.swift; sourceTree = "<group>"; };
		AAA8BFAF237E53CE00BB4C85 /* user.pb.swift */ = {isa = PBXFileReference; fileEncoding = 4; lastKnownFileType = sourcecode.swift; path = user.pb.swift; sourceTree = "<group>"; };
		AAA8BFB0237E53CE00BB4C85 /* group.pb.swift */ = {isa = PBXFileReference; fileEncoding = 4; lastKnownFileType = sourcecode.swift; path = group.pb.swift; sourceTree = "<group>"; };
		AAA8BFB4237E53CE00BB4C85 /* msg_power.pb.swift */ = {isa = PBXFileReference; fileEncoding = 4; lastKnownFileType = sourcecode.swift; path = msg_power.pb.swift; sourceTree = "<group>"; };
		AAA8BFB5237E53CE00BB4C85 /* msg_shell.pb.swift */ = {isa = PBXFileReference; fileEncoding = 4; lastKnownFileType = sourcecode.swift; path = msg_shell.pb.swift; sourceTree = "<group>"; };
		AAA8BFB6237E53CE00BB4C85 /* message_shell.pb.swift */ = {isa = PBXFileReference; fileEncoding = 4; lastKnownFileType = sourcecode.swift; path = message_shell.pb.swift; sourceTree = "<group>"; };
		AAA8BFB9237E53CE00BB4C85 /* msg_filesys.pb.swift */ = {isa = PBXFileReference; fileEncoding = 4; lastKnownFileType = sourcecode.swift; path = msg_filesys.pb.swift; sourceTree = "<group>"; };
		AAA8BFBA237E53CE00BB4C85 /* message_filesys.pb.swift */ = {isa = PBXFileReference; fileEncoding = 4; lastKnownFileType = sourcecode.swift; path = message_filesys.pb.swift; sourceTree = "<group>"; };
		AAA8BFBD237E53CE00BB4C85 /* msg_desktop.pb.swift */ = {isa = PBXFileReference; fileEncoding = 4; lastKnownFileType = sourcecode.swift; path = msg_desktop.pb.swift; sourceTree = "<group>"; };
		AAA8BFBE237E53CE00BB4C85 /* message_desktop.pb.swift */ = {isa = PBXFileReference; fileEncoding = 4; lastKnownFileType = sourcecode.swift; path = message_desktop.pb.swift; sourceTree = "<group>"; };
		AAA8BFBF237E53CE00BB4C85 /* msg_clipboard.pb.swift */ = {isa = PBXFileReference; fileEncoding = 4; lastKnownFileType = sourcecode.swift; path = msg_clipboard.pb.swift; sourceTree = "<group>"; };
		AAA8BFC0237E53CE00BB4C85 /* msg_rd.pb.swift */ = {isa = PBXFileReference; fileEncoding = 4; lastKnownFileType = sourcecode.swift; path = msg_rd.pb.swift; sourceTree = "<group>"; };
		AAAC2FD32355012000425E9A /* ControlPanel.swift */ = {isa = PBXFileReference; lastKnownFileType = sourcecode.swift; path = ControlPanel.swift; sourceTree = "<group>"; };
		AAAC2FD523550D5900425E9A /* Actions.swift */ = {isa = PBXFileReference; lastKnownFileType = sourcecode.swift; path = Actions.swift; sourceTree = "<group>"; };
		AAAC2FD7235512A200425E9A /* RemoteDesktop.swift */ = {isa = PBXFileReference; lastKnownFileType = sourcecode.swift; path = RemoteDesktop.swift; sourceTree = "<group>"; };
		AAB6D956235FEA6300FED79B /* Document.swift */ = {isa = PBXFileReference; lastKnownFileType = sourcecode.swift; path = Document.swift; sourceTree = "<group>"; };
		AAB9B6D1239C349F002F192C /* About.swift */ = {isa = PBXFileReference; lastKnownFileType = sourcecode.swift; path = About.swift; sourceTree = "<group>"; };
		AABFEE16237D359C0022C58D /* GroupActions.swift */ = {isa = PBXFileReference; lastKnownFileType = sourcecode.swift; path = GroupActions.swift; sourceTree = "<group>"; };
		AABFEE18237D397F0022C58D /* GroupControlPanel.swift */ = {isa = PBXFileReference; lastKnownFileType = sourcecode.swift; path = GroupControlPanel.swift; sourceTree = "<group>"; };
		AAC198F822E40CA6004361C5 /* FileCell.swift */ = {isa = PBXFileReference; lastKnownFileType = sourcecode.swift; path = FileCell.swift; sourceTree = "<group>"; };
		AAC198FC22E40D27004361C5 /* FolderCell.swift */ = {isa = PBXFileReference; lastKnownFileType = sourcecode.swift; path = FolderCell.swift; sourceTree = "<group>"; };
		AAC4B69322BDE54500B0E354 /* SandpolisConnection.swift */ = {isa = PBXFileReference; lastKnownFileType = sourcecode.swift; path = SandpolisConnection.swift; sourceTree = "<group>"; };
		AACBF8D522F3A9750015DCE6 /* FolderUpCell.swift */ = {isa = PBXFileReference; lastKnownFileType = sourcecode.swift; path = FolderUpCell.swift; sourceTree = "<group>"; };
		AADCAF0F238A2BC200E6452E /* AboutTable.swift */ = {isa = PBXFileReference; lastKnownFileType = sourcecode.swift; path = AboutTable.swift; sourceTree = "<group>"; };
		AADCAF11238A2CDA00E6452E /* VersionCell.swift */ = {isa = PBXFileReference; lastKnownFileType = sourcecode.swift; path = VersionCell.swift; sourceTree = "<group>"; };
		AADED2D0238C9E650099D067 /* SandpolisConnection+DesktopPlugin.swift */ = {isa = PBXFileReference; lastKnownFileType = sourcecode.swift; path = "SandpolisConnection+DesktopPlugin.swift"; sourceTree = "<group>"; };
		AADED2D2238CA2F30099D067 /* SandpolisConnection+ShellPlugin.swift */ = {isa = PBXFileReference; lastKnownFileType = sourcecode.swift; path = "SandpolisConnection+ShellPlugin.swift"; sourceTree = "<group>"; };
		AADED2D4238CA3800099D067 /* SandpolisConnection+FilesysPlugin.swift */ = {isa = PBXFileReference; lastKnownFileType = sourcecode.swift; path = "SandpolisConnection+FilesysPlugin.swift"; sourceTree = "<group>"; };
		AAF113B822CC50C800987EAF /* MacroManager.swift */ = {isa = PBXFileReference; lastKnownFileType = sourcecode.swift; path = MacroManager.swift; sourceTree = "<group>"; };
		AAF390E4230BC796008C9469 /* CvidRequestHandler.swift */ = {isa = PBXFileReference; lastKnownFileType = sourcecode.swift; path = CvidRequestHandler.swift; sourceTree = "<group>"; };
		AAF390E6230BC7F1008C9469 /* ResponseHandler.swift */ = {isa = PBXFileReference; lastKnownFileType = sourcecode.swift; path = ResponseHandler.swift; sourceTree = "<group>"; };
		AAF3F67023557362003EE9B1 /* ShellSession.swift */ = {isa = PBXFileReference; lastKnownFileType = sourcecode.swift; path = ShellSession.swift; sourceTree = "<group>"; };
		D6FAA9DD9E6A3A54142F1F78 /* Pods-Sandpolis.release.xcconfig */ = {isa = PBXFileReference; includeInIndex = 1; lastKnownFileType = text.xcconfig; name = "Pods-Sandpolis.release.xcconfig"; path = "Target Support Files/Pods-Sandpolis/Pods-Sandpolis.release.xcconfig"; sourceTree = "<group>"; };
		ED1FB93E22D83F4200D35565 /* LoginAccount.swift */ = {isa = PBXFileReference; lastKnownFileType = sourcecode.swift; path = LoginAccount.swift; sourceTree = "<group>"; };
		ED5A420722DFB19A00EA3C98 /* GoogleService-Info.plist */ = {isa = PBXFileReference; fileEncoding = 4; lastKnownFileType = text.plist.xml; path = "GoogleService-Info.plist"; sourceTree = "<group>"; };
		ED5A421122E5284900EA3C98 /* LoginServer.swift */ = {isa = PBXFileReference; lastKnownFileType = sourcecode.swift; path = LoginServer.swift; sourceTree = "<group>"; };
		ED5A421322E5289C00EA3C98 /* CreateAccount.swift */ = {isa = PBXFileReference; lastKnownFileType = sourcecode.swift; path = CreateAccount.swift; sourceTree = "<group>"; };
		F94C3F7F6540C8FC477A1CB5 /* Pods-Sandpolis.debug.xcconfig */ = {isa = PBXFileReference; includeInIndex = 1; lastKnownFileType = text.xcconfig; name = "Pods-Sandpolis.debug.xcconfig"; path = "Target Support Files/Pods-Sandpolis/Pods-Sandpolis.debug.xcconfig"; sourceTree = "<group>"; };
/* End PBXFileReference section */

/* Begin PBXFrameworksBuildPhase section */
		AA81DD4C22BD8C5200024120 /* Frameworks */ = {
			isa = PBXFrameworksBuildPhase;
			buildActionMask = 2147483647;
			files = (
				8E72F6D02300C70E000D621A /* MapKit.framework in Frameworks */,
				8E72F6CE2300C46F000D621A /* CoreLocation.framework in Frameworks */,
				AABF01EC23349DE300DEA0E4 /* NIOSSL in Frameworks */,
				AAC170DE238E0D6D0055FC9B /* Charts in Frameworks */,
				8C36F32D15727B1432C2C03A /* Pods_Sandpolis.framework in Frameworks */,
				AAC71BA423939E0B00E6C901 /* SwiftEventBus in Frameworks */,
				AA75D6DC2316DBCB002152DA /* StoreKit.framework in Frameworks */,
				AABF01EF23349ED300DEA0E4 /* SwiftProtobuf in Frameworks */,
				AAB1518623A4671900BCFAFD /* NIOProtobuf in Frameworks */,
				AABF01E923349D6800DEA0E4 /* NIO in Frameworks */,
			);
			runOnlyForDeploymentPostprocessing = 0;
		};
/* End PBXFrameworksBuildPhase section */

/* Begin PBXGroup section */
		69152B5942FBDD15046A32BE /* Frameworks */ = {
			isa = PBXGroup;
			children = (
				AA75D6DB2316DBCB002152DA /* StoreKit.framework */,
				8E72F6CF2300C70E000D621A /* MapKit.framework */,
				8E72F6CD2300C46F000D621A /* CoreLocation.framework */,
				87E698DECED333654BF5F210 /* Pods_Sandpolis.framework */,
			);
			name = Frameworks;
			sourceTree = "<group>";
		};
		AA07249C2311E22C0087190F /* CloudPricing */ = {
			isa = PBXGroup;
			children = (
				AA07249D2311E2A00087190F /* CloudPricing.swift */,
			);
			path = CloudPricing;
			sourceTree = "<group>";
		};
		AA0724A123121FE10087190F /* ClientScanner */ = {
			isa = PBXGroup;
			children = (
				AA0724A22312203C0087190F /* ClientScanner.swift */,
			);
			path = ClientScanner;
			sourceTree = "<group>";
		};
		AA642E3723088CE80027BEC2 /* Login */ = {
			isa = PBXGroup;
			children = (
				AA752B4522F2340100E90B54 /* BackgroundView.swift */,
				AA6E007122F73C1400BB51ED /* Login.swift */,
				ED1FB93E22D83F4200D35565 /* LoginAccount.swift */,
				ED5A421122E5284900EA3C98 /* LoginServer.swift */,
				ED5A421322E5289C00EA3C98 /* CreateAccount.swift */,
			);
			path = Login;
			sourceTree = "<group>";
		};
		AA642E3823088D740027BEC2 /* FileManager */ = {
			isa = PBXGroup;
			children = (
				AAC198F822E40CA6004361C5 /* FileCell.swift */,
				AACBF8D522F3A9750015DCE6 /* FolderUpCell.swift */,
				AAC198FC22E40D27004361C5 /* FolderCell.swift */,
				AA766B0522C944530053777B /* FileManager.swift */,
			);
			path = FileManager;
			sourceTree = "<group>";
		};
		AA642E3923088DE70027BEC2 /* Settings */ = {
			isa = PBXGroup;
			children = (
				85CECBF822D9897400EF1A6E /* Settings.swift */,
			);
			path = Settings;
			sourceTree = "<group>";
		};
		AA642E3A23088E2A0027BEC2 /* ServerManager */ = {
			isa = PBXGroup;
			children = (
				85A2F87B22DAC2F300B2FD7D /* ServerCell.swift */,
				8542D3FD22D66E0300F56F70 /* ServerManager.swift */,
				8542D40522D6A95E00F56F70 /* AddServer.swift */,
			);
			path = ServerManager;
			sourceTree = "<group>";
		};
		AA642E3B23088E6E0027BEC2 /* ClientList */ = {
			isa = PBXGroup;
			children = (
				85A2F87A22DAC2F300B2FD7D /* ClientCell.swift */,
				8542D3FF22D69CBF00F56F70 /* ClientList.swift */,
			);
			path = ClientList;
			sourceTree = "<group>";
		};
		AA642E3C23088E760027BEC2 /* ClientMap */ = {
			isa = PBXGroup;
			children = (
				8EAD841B22CBD80700B49D59 /* ClientMap.swift */,
				AA642E432308BC4D0027BEC2 /* ClientAnnotation.swift */,
			);
			path = ClientMap;
			sourceTree = "<group>";
		};
		AA642E3D23088EE40027BEC2 /* ControlPanel */ = {
			isa = PBXGroup;
			children = (
				AA72362A22D42F27004EE888 /* Overview.swift */,
				AA6CACE722DD26F600041AF3 /* OverviewTable.swift */,
				AAAC2FD32355012000425E9A /* ControlPanel.swift */,
				AAAC2FD523550D5900425E9A /* Actions.swift */,
				AAAC2FD7235512A200425E9A /* RemoteDesktop.swift */,
				AAF3F67023557362003EE9B1 /* ShellSession.swift */,
				AA677D19235D5174001BE400 /* InfoCell.swift */,
			);
			path = ControlPanel;
			sourceTree = "<group>";
		};
		AA642E3E23088F270027BEC2 /* GroupPanel */ = {
			isa = PBXGroup;
			children = (
				AA6CACF022DD48D300041AF3 /* GroupHostCell.swift */,
				AA6CACEC22DD432000041AF3 /* GroupPanelTable.swift */,
				AA6CACEE22DD445000041AF3 /* GroupOverview.swift */,
				AABFEE16237D359C0022C58D /* GroupActions.swift */,
				AABFEE18237D397F0022C58D /* GroupControlPanel.swift */,
			);
			path = GroupPanel;
			sourceTree = "<group>";
		};
		AA642E3F23088F580027BEC2 /* MacroManager */ = {
			isa = PBXGroup;
			children = (
				AA72E0D52367D07600C23D39 /* MacroCell.swift */,
				AA8B1BAE22CB1AC0009DB0EC /* MacroEditor.swift */,
				AAF113B822CC50C800987EAF /* MacroManager.swift */,
			);
			path = MacroManager;
			sourceTree = "<group>";
		};
		AA642E41230890810027BEC2 /* MacroSelect */ = {
			isa = PBXGroup;
			children = (
				AA42524122E953B30083F7F4 /* MacroSelectCell.swift */,
				AA69CCA622DE9E0000DFD721 /* MacroSelect.swift */,
			);
			path = MacroSelect;
			sourceTree = "<group>";
		};
		AA642E42230890C60027BEC2 /* MacroResults */ = {
			isa = PBXGroup;
			children = (
				AA42524322E980380083F7F4 /* MacroResult.swift */,
				AA72E0D72367D22E00C23D39 /* MacroResultCell.swift */,
				AA69CCA022DE85CC00DFD721 /* MacroResultHeader.swift */,
				AA69CCA422DE8F2700DFD721 /* MacroResultHeader.xib */,
				AA6CACFB22DD658C00041AF3 /* MacroResults.swift */,
			);
			path = MacroResults;
			sourceTree = "<group>";
		};
		AA68C84122D1552F008EF53E /* Network */ = {
			isa = PBXGroup;
			children = (
				AA70158822D7CAD800A1E4ED /* SandpolisStream.swift */,
				AAC4B69322BDE54500B0E354 /* SandpolisConnection.swift */,
				AAF390E4230BC796008C9469 /* CvidRequestHandler.swift */,
				AAF390E6230BC7F1008C9469 /* ResponseHandler.swift */,
				AA615889233583CF0035622F /* ManagementHandler.swift */,
				AA61588B23359FF50035622F /* ClientHandler.swift */,
				AADED2D0238C9E650099D067 /* SandpolisConnection+DesktopPlugin.swift */,
				AADED2D2238CA2F30099D067 /* SandpolisConnection+ShellPlugin.swift */,
				AADED2D4238CA3800099D067 /* SandpolisConnection+FilesysPlugin.swift */,
			);
			path = Network;
			sourceTree = "<group>";
		};
		AA69CF82236284B0008101AA /* Terminal */ = {
			isa = PBXGroup;
			children = (
				AA72E0D42367CC1100C23D39 /* Xterm */,
				AA69CF912362A325008101AA /* Themes */,
				AA69CF83236284C4008101AA /* terminal.html */,
				AA6A75B9236156F700AA1A4D /* TerminalView.swift */,
				AA6A75B7236154BB00AA1A4D /* Terminal.swift */,
			);
			path = Terminal;
			sourceTree = "<group>";
		};
		AA69CF912362A325008101AA /* Themes */ = {
			isa = PBXGroup;
			children = (
				AA69CF9E2362A325008101AA /* TerminalTheme.swift */,
				AA69CF9F2362A325008101AA /* Ubuntu.swift */,
			);
			path = Themes;
			sourceTree = "<group>";
		};
		AA6CACE922DD348F00041AF3 /* Util */ = {
			isa = PBXGroup;
			children = (
				AA61588D2335A4300035622F /* SandpolisUtil.swift */,
				AA6CACEA22DD34A900041AF3 /* FormatUtil.swift */,
				AA07249F2311E6F20087190F /* CloudUtil.swift */,
			);
			path = Util;
			sourceTree = "<group>";
		};
		AA6EAC38234583C9003AB166 /* Proto */ = {
			isa = PBXGroup;
			children = (
				AAA8BF92237E53CE00BB4C85 /* com */,
			);
			path = Proto;
			sourceTree = "<group>";
		};
		AA72362922D41AB7004EE888 /* View */ = {
			isa = PBXGroup;
			children = (
				AAA03DF82399EAE00037D605 /* ClientManager */,
				AADCAF0E238A2B6500E6452E /* About */,
				AA69CF82236284B0008101AA /* Terminal */,
				AA899D2C2319E46E00E7C703 /* ServerCreator */,
				AA07249C2311E22C0087190F /* CloudPricing */,
				AA642E3D23088EE40027BEC2 /* ControlPanel */,
				AA642E42230890C60027BEC2 /* MacroResults */,
				AA642E41230890810027BEC2 /* MacroSelect */,
				AA642E3F23088F580027BEC2 /* MacroManager */,
				AA642E3E23088F270027BEC2 /* GroupPanel */,
				AA642E3A23088E2A0027BEC2 /* ServerManager */,
				AA642E3923088DE70027BEC2 /* Settings */,
				AA642E3823088D740027BEC2 /* FileManager */,
				AA642E3723088CE80027BEC2 /* Login */,
				AA3BDAAC23838FC600540564 /* UITextField+Icon.swift */,
				AAA591B82384CCEF00A2893A /* UIViewController+Login.swift */,
			);
			path = View;
			sourceTree = "<group>";
		};
		AA72E0D42367CC1100C23D39 /* Xterm */ = {
			isa = PBXGroup;
			children = (
				AA69CF85236284E0008101AA /* xterm.js */,
				AA69CF86236284E0008101AA /* xterm.css */,
				AA69CF87236284E0008101AA /* fit.js */,
			);
			path = Xterm;
			sourceTree = "<group>";
		};
		AA81DD4622BD8C5200024120 = {
			isa = PBXGroup;
			children = (
				B7C4FB1F962489AA256A0158 /* Pods */,
				AA81DD5022BD8C5200024120 /* Products */,
				AA81DD5122BD8C5200024120 /* Source */,
				69152B5942FBDD15046A32BE /* Frameworks */,
			);
			sourceTree = "<group>";
			usesTabs = 1;
		};
		AA81DD5022BD8C5200024120 /* Products */ = {
			isa = PBXGroup;
			children = (
				AA81DD4F22BD8C5200024120 /* Sandpolis.app */,
			);
			name = Products;
			sourceTree = "<group>";
		};
		AA81DD5122BD8C5200024120 /* Source */ = {
			isa = PBXGroup;
			children = (
				AA6EAC38234583C9003AB166 /* Proto */,
				AA88FB6D230C454700196B4B /* Model */,
				AA68C84122D1552F008EF53E /* Network */,
				AA6CACE922DD348F00041AF3 /* Util */,
				AA72362922D41AB7004EE888 /* View */,
				AA81DD5C22BD8C5400024120 /* Assets.xcassets */,
				AA81DD5222BD8C5200024120 /* AppDelegate.swift */,
				AA81DD5622BD8C5200024120 /* Main.storyboard */,
				AA81DD5E22BD8C5400024120 /* LaunchScreen.storyboard */,
				AA81DD6122BD8C5400024120 /* Info.plist */,
				ED5A420722DFB19A00EA3C98 /* GoogleService-Info.plist */,
			);
			path = Source;
			sourceTree = "<group>";
		};
		AA88FB6D230C454700196B4B /* Model */ = {
			isa = PBXGroup;
			children = (
				AA70158322D7C93900A1E4ED /* SandpolisProfile.swift */,
				AA70158522D7C98D00A1E4ED /* SandpolisServer.swift */,
				AA677D1B235D5683001BE400 /* Attribute.swift */,
				AAB6D956235FEA6300FED79B /* Document.swift */,
			);
			path = Model;
			sourceTree = "<group>";
		};
		AA899D2C2319E46E00E7C703 /* ServerCreator */ = {
			isa = PBXGroup;
			children = (
				AA899D2D2319E6A000E7C703 /* ServerCreator.swift */,
				AA899D2F231A065000E7C703 /* Step1.swift */,
				AA899D31231A066500E7C703 /* Step2.swift */,
				AA899D33231A067A00E7C703 /* Step3.swift */,
				AA86F6DD23497866000C0B94 /* Step4.swift */,
			);
			path = ServerCreator;
			sourceTree = "<group>";
		};
		AAA03DF82399EAE00037D605 /* ClientManager */ = {
			isa = PBXGroup;
			children = (
				AA0724A123121FE10087190F /* ClientScanner */,
				AA642E3C23088E760027BEC2 /* ClientMap */,
				AA642E3B23088E6E0027BEC2 /* ClientList */,
				8E653C2122E6595D00BB8FEA /* ClientManager.swift */,
			);
			path = ClientManager;
			sourceTree = "<group>";
		};
		AAA8BF92237E53CE00BB4C85 /* com */ = {
			isa = PBXGroup;
			children = (
				AAA8BF93237E53CE00BB4C85 /* sandpolis */,
			);
			path = com;
			sourceTree = "<group>";
		};
		AAA8BF93237E53CE00BB4C85 /* sandpolis */ = {
			isa = PBXGroup;
			children = (
				AAA8BF94237E53CE00BB4C85 /* core */,
				AAA8BFB1237E53CE00BB4C85 /* plugin */,
			);
			path = sandpolis;
			sourceTree = "<group>";
		};
		AAA8BF94237E53CE00BB4C85 /* core */ = {
			isa = PBXGroup;
			children = (
				AAA8BF95237E53CE00BB4C85 /* proto */,
			);
			path = core;
			sourceTree = "<group>";
		};
		AAA8BF95237E53CE00BB4C85 /* proto */ = {
			isa = PBXGroup;
			children = (
				AAA8BF96237E53CE00BB4C85 /* net */,
				AAA8BFA6237E53CE00BB4C85 /* util */,
				AAA8BFAC237E53CE00BB4C85 /* pojo */,
			);
			path = proto;
			sourceTree = "<group>";
		};
		AAA8BF96237E53CE00BB4C85 /* net */ = {
			isa = PBXGroup;
			children = (
				AAA8BF97237E53CE00BB4C85 /* msg_listener.pb.swift */,
				AAA8BF98237E53CE00BB4C85 /* msg_user.pb.swift */,
				AAA8BF99237E53CE00BB4C85 /* msg_client.pb.swift */,
				AAA8BF9A237E53CE00BB4C85 /* msg_generator.pb.swift */,
				AAA8BF9B237E53CE00BB4C85 /* msg_network.pb.swift */,
				AAA8BF9C237E53CE00BB4C85 /* msg_auth.pb.swift */,
				AAA8BF9D237E53CE00BB4C85 /* msg_attribute.pb.swift */,
				AAA8BF9E237E53CE00BB4C85 /* msg_plugin.pb.swift */,
				AAA8BF9F237E53CE00BB4C85 /* msg_server.pb.swift */,
				AAA8BFA0237E53CE00BB4C85 /* msg_stream.pb.swift */,
				AAA8BFA1237E53CE00BB4C85 /* msg_ping.pb.swift */,
				AAA8BFA2237E53CE00BB4C85 /* msg_group.pb.swift */,
				AAA8BFA3237E53CE00BB4C85 /* msg_login.pb.swift */,
				AAA8BFA4237E53CE00BB4C85 /* msg_cvid.pb.swift */,
				AAA8BFA5237E53CE00BB4C85 /* message.pb.swift */,
			);
			path = net;
			sourceTree = "<group>";
		};
		AAA8BFA6237E53CE00BB4C85 /* util */ = {
			isa = PBXGroup;
			children = (
				AAA8BFA7237E53CE00BB4C85 /* result.pb.swift */,
				AAA8BFA8237E53CE00BB4C85 /* generator.pb.swift */,
				AAA8BFA9237E53CE00BB4C85 /* platform.pb.swift */,
				AAA8BFAA237E53CE00BB4C85 /* auth.pb.swift */,
				AAA8BFAB237E53CE00BB4C85 /* location.pb.swift */,
			);
			path = util;
			sourceTree = "<group>";
		};
		AAA8BFAC237E53CE00BB4C85 /* pojo */ = {
			isa = PBXGroup;
			children = (
				AAA8BFAD237E53CE00BB4C85 /* listener.pb.swift */,
				AAA8BFAE237E53CE00BB4C85 /* attribute.pb.swift */,
				AAA8BFAF237E53CE00BB4C85 /* user.pb.swift */,
				AAA8BFB0237E53CE00BB4C85 /* group.pb.swift */,
			);
			path = pojo;
			sourceTree = "<group>";
		};
		AAA8BFB1237E53CE00BB4C85 /* plugin */ = {
			isa = PBXGroup;
			children = (
				AAA8BFB2237E53CE00BB4C85 /* shell */,
				AAA8BFB7237E53CE00BB4C85 /* filesys */,
				AAA8BFBB237E53CE00BB4C85 /* desktop */,
			);
			path = plugin;
			sourceTree = "<group>";
		};
		AAA8BFB2237E53CE00BB4C85 /* shell */ = {
			isa = PBXGroup;
			children = (
				AAA8BFB3237E53CE00BB4C85 /* net */,
			);
			path = shell;
			sourceTree = "<group>";
		};
		AAA8BFB3237E53CE00BB4C85 /* net */ = {
			isa = PBXGroup;
			children = (
				AAA8BFB4237E53CE00BB4C85 /* msg_power.pb.swift */,
				AAA8BFB5237E53CE00BB4C85 /* msg_shell.pb.swift */,
				AAA8BFB6237E53CE00BB4C85 /* message_shell.pb.swift */,
			);
			path = net;
			sourceTree = "<group>";
		};
		AAA8BFB7237E53CE00BB4C85 /* filesys */ = {
			isa = PBXGroup;
			children = (
				AAA8BFB8237E53CE00BB4C85 /* net */,
			);
			path = filesys;
			sourceTree = "<group>";
		};
		AAA8BFB8237E53CE00BB4C85 /* net */ = {
			isa = PBXGroup;
			children = (
				AAA8BFB9237E53CE00BB4C85 /* msg_filesys.pb.swift */,
				AAA8BFBA237E53CE00BB4C85 /* message_filesys.pb.swift */,
			);
			path = net;
			sourceTree = "<group>";
		};
		AAA8BFBB237E53CE00BB4C85 /* desktop */ = {
			isa = PBXGroup;
			children = (
				AAA8BFBC237E53CE00BB4C85 /* net */,
			);
			path = desktop;
			sourceTree = "<group>";
		};
		AAA8BFBC237E53CE00BB4C85 /* net */ = {
			isa = PBXGroup;
			children = (
				AAA8BFBD237E53CE00BB4C85 /* msg_desktop.pb.swift */,
				AAA8BFBE237E53CE00BB4C85 /* message_desktop.pb.swift */,
				AAA8BFBF237E53CE00BB4C85 /* msg_clipboard.pb.swift */,
				AAA8BFC0237E53CE00BB4C85 /* msg_rd.pb.swift */,
			);
			path = net;
			sourceTree = "<group>";
		};
		AADCAF0E238A2B6500E6452E /* About */ = {
			isa = PBXGroup;
			children = (
				AADCAF0F238A2BC200E6452E /* AboutTable.swift */,
				AADCAF11238A2CDA00E6452E /* VersionCell.swift */,
				AAB9B6D1239C349F002F192C /* About.swift */,
			);
			path = About;
			sourceTree = "<group>";
		};
		B7C4FB1F962489AA256A0158 /* Pods */ = {
			isa = PBXGroup;
			children = (
				F94C3F7F6540C8FC477A1CB5 /* Pods-Sandpolis.debug.xcconfig */,
				D6FAA9DD9E6A3A54142F1F78 /* Pods-Sandpolis.release.xcconfig */,
			);
			path = Pods;
			sourceTree = "<group>";
		};
/* End PBXGroup section */

/* Begin PBXNativeTarget section */
		AA81DD4E22BD8C5200024120 /* Sandpolis */ = {
			isa = PBXNativeTarget;
			buildConfigurationList = AA81DD6422BD8C5400024120 /* Build configuration list for PBXNativeTarget "Sandpolis" */;
			buildPhases = (
				B071B7D7C04D39897C660D83 /* [CP] Check Pods Manifest.lock */,
				AA81DD4B22BD8C5200024120 /* Sources */,
				AA81DD4C22BD8C5200024120 /* Frameworks */,
				AA81DD4D22BD8C5200024120 /* Resources */,
				A0EDE0770EDDE8B961E2E189 /* [CP] Embed Pods Frameworks */,
			);
			buildRules = (
			);
			dependencies = (
			);
			name = Sandpolis;
			packageProductDependencies = (
				AABF01E823349D6800DEA0E4 /* NIO */,
				AABF01EB23349DE300DEA0E4 /* NIOSSL */,
				AABF01EE23349ED300DEA0E4 /* SwiftProtobuf */,
				AAC170DD238E0D6D0055FC9B /* Charts */,
				AAC71BA323939E0B00E6C901 /* SwiftEventBus */,
				AAB1518523A4671900BCFAFD /* NIOProtobuf */,
			);
			productName = Sandpolis;
			productReference = AA81DD4F22BD8C5200024120 /* Sandpolis.app */;
			productType = "com.apple.product-type.application";
		};
/* End PBXNativeTarget section */

/* Begin PBXProject section */
		AA81DD4722BD8C5200024120 /* Project object */ = {
			isa = PBXProject;
			attributes = {
				LastSwiftUpdateCheck = 1020;
				LastUpgradeCheck = 1020;
				ORGANIZATIONNAME = "";
				TargetAttributes = {
					AA81DD4E22BD8C5200024120 = {
						CreatedOnToolsVersion = 10.2.1;
						SystemCapabilities = {
							com.apple.InAppPurchase = {
								enabled = 1;
							};
						};
					};
				};
			};
			buildConfigurationList = AA81DD4A22BD8C5200024120 /* Build configuration list for PBXProject "Sandpolis" */;
			compatibilityVersion = "Xcode 10.0";
			developmentRegion = en;
			hasScannedForEncodings = 0;
			knownRegions = (
				en,
				Base,
			);
			mainGroup = AA81DD4622BD8C5200024120;
			packageReferences = (
				AABF01E723349D6800DEA0E4 /* XCRemoteSwiftPackageReference "swift-nio" */,
				AABF01EA23349DE300DEA0E4 /* XCRemoteSwiftPackageReference "swift-nio-ssl" */,
				AABF01ED23349ED300DEA0E4 /* XCRemoteSwiftPackageReference "swift-protobuf" */,
				AAC170DC238E0D6D0055FC9B /* XCRemoteSwiftPackageReference "Charts" */,
				AAC71BA223939E0B00E6C901 /* XCRemoteSwiftPackageReference "SwiftEventBus" */,
				AAB1518423A4671900BCFAFD /* XCRemoteSwiftPackageReference "swift-nio-protobuf" */,
			);
			productRefGroup = AA81DD5022BD8C5200024120 /* Products */;
			projectDirPath = "";
			projectRoot = "";
			targets = (
				AA81DD4E22BD8C5200024120 /* Sandpolis */,
			);
		};
/* End PBXProject section */

/* Begin PBXResourcesBuildPhase section */
		AA81DD4D22BD8C5200024120 /* Resources */ = {
			isa = PBXResourcesBuildPhase;
			buildActionMask = 2147483647;
			files = (
				AA69CF89236284E1008101AA /* xterm.css in Resources */,
				AA69CF84236284C4008101AA /* terminal.html in Resources */,
				AA81DD6022BD8C5400024120 /* LaunchScreen.storyboard in Resources */,
				AA69CCA522DE8F2700DFD721 /* MacroResultHeader.xib in Resources */,
				ED5A420822DFB19A00EA3C98 /* GoogleService-Info.plist in Resources */,
				AA81DD5D22BD8C5400024120 /* Assets.xcassets in Resources */,
				AA81DD5822BD8C5200024120 /* Main.storyboard in Resources */,
				AA69CF8A236284E1008101AA /* fit.js in Resources */,
				AA69CF88236284E1008101AA /* xterm.js in Resources */,
			);
			runOnlyForDeploymentPostprocessing = 0;
		};
/* End PBXResourcesBuildPhase section */

/* Begin PBXShellScriptBuildPhase section */
		A0EDE0770EDDE8B961E2E189 /* [CP] Embed Pods Frameworks */ = {
			isa = PBXShellScriptBuildPhase;
			buildActionMask = 2147483647;
			files = (
			);
			inputFileListPaths = (
				"${PODS_ROOT}/Target Support Files/Pods-Sandpolis/Pods-Sandpolis-frameworks-${CONFIGURATION}-input-files.xcfilelist",
			);
			name = "[CP] Embed Pods Frameworks";
			outputFileListPaths = (
				"${PODS_ROOT}/Target Support Files/Pods-Sandpolis/Pods-Sandpolis-frameworks-${CONFIGURATION}-output-files.xcfilelist",
			);
			runOnlyForDeploymentPostprocessing = 0;
			shellPath = /bin/sh;
			shellScript = "\"${PODS_ROOT}/Target Support Files/Pods-Sandpolis/Pods-Sandpolis-frameworks.sh\"\n";
			showEnvVarsInLog = 0;
		};
		B071B7D7C04D39897C660D83 /* [CP] Check Pods Manifest.lock */ = {
			isa = PBXShellScriptBuildPhase;
			buildActionMask = 2147483647;
			files = (
			);
			inputFileListPaths = (
			);
			inputPaths = (
				"${PODS_PODFILE_DIR_PATH}/Podfile.lock",
				"${PODS_ROOT}/Manifest.lock",
			);
			name = "[CP] Check Pods Manifest.lock";
			outputFileListPaths = (
			);
			outputPaths = (
				"$(DERIVED_FILE_DIR)/Pods-Sandpolis-checkManifestLockResult.txt",
			);
			runOnlyForDeploymentPostprocessing = 0;
			shellPath = /bin/sh;
			shellScript = "diff \"${PODS_PODFILE_DIR_PATH}/Podfile.lock\" \"${PODS_ROOT}/Manifest.lock\" > /dev/null\nif [ $? != 0 ] ; then\n    # print error to STDERR\n    echo \"error: The sandbox is not in sync with the Podfile.lock. Run 'pod install' or update your CocoaPods installation.\" >&2\n    exit 1\nfi\n# This output is used by Xcode 'outputs' to avoid re-running this script phase.\necho \"SUCCESS\" > \"${SCRIPT_OUTPUT_FILE_0}\"\n";
			showEnvVarsInLog = 0;
		};
/* End PBXShellScriptBuildPhase section */

/* Begin PBXSourcesBuildPhase section */
		AA81DD4B22BD8C5200024120 /* Sources */ = {
			isa = PBXSourcesBuildPhase;
			buildActionMask = 2147483647;
			files = (
				AA6CACEB22DD34A900041AF3 /* FormatUtil.swift in Sources */,
				AA6E007222F73C1400BB51ED /* Login.swift in Sources */,
				AAA8BFC6237E53CF00BB4C85 /* msg_auth.pb.swift in Sources */,
				AABFEE19237D397F0022C58D /* GroupControlPanel.swift in Sources */,
				AA0724A32312203C0087190F /* ClientScanner.swift in Sources */,
				AA677D1C235D5683001BE400 /* Attribute.swift in Sources */,
				AAF113B922CC50C800987EAF /* MacroManager.swift in Sources */,
				AA72362B22D42F27004EE888 /* Overview.swift in Sources */,
				AAA8BFD8237E53CF00BB4C85 /* group.pb.swift in Sources */,
				8542D3FE22D66E0300F56F70 /* ServerManager.swift in Sources */,
				AAA8BFD3237E53CF00BB4C85 /* auth.pb.swift in Sources */,
				AAA8BFCA237E53CF00BB4C85 /* msg_stream.pb.swift in Sources */,
				AAA8BFDF237E53CF00BB4C85 /* message_desktop.pb.swift in Sources */,
				AAF390E5230BC796008C9469 /* CvidRequestHandler.swift in Sources */,
				AAA8BFCF237E53CF00BB4C85 /* message.pb.swift in Sources */,
				AAA8BFDA237E53CF00BB4C85 /* msg_shell.pb.swift in Sources */,
				AAA8BFE0237E53CF00BB4C85 /* msg_clipboard.pb.swift in Sources */,
				8542D40022D69CBF00F56F70 /* ClientList.swift in Sources */,
				AA69CFAC2362A325008101AA /* TerminalTheme.swift in Sources */,
				AA899D30231A065000E7C703 /* Step1.swift in Sources */,
				AA766B0622C944530053777B /* FileManager.swift in Sources */,
				AA0724A02311E6F20087190F /* CloudUtil.swift in Sources */,
				AA6CACFC22DD658C00041AF3 /* MacroResults.swift in Sources */,
				AAA8BFD6237E53CF00BB4C85 /* attribute.pb.swift in Sources */,
				AAA8BFD5237E53CF00BB4C85 /* listener.pb.swift in Sources */,
				AA8B1BAF22CB1AC0009DB0EC /* MacroEditor.swift in Sources */,
				AADED2D1238C9E650099D067 /* SandpolisConnection+DesktopPlugin.swift in Sources */,
				AA642E442308BC4D0027BEC2 /* ClientAnnotation.swift in Sources */,
				AA899D2E2319E6A000E7C703 /* ServerCreator.swift in Sources */,
				AA6CACED22DD432000041AF3 /* GroupPanelTable.swift in Sources */,
				AADED2D3238CA2F30099D067 /* SandpolisConnection+ShellPlugin.swift in Sources */,
				AA6CACEF22DD445000041AF3 /* GroupOverview.swift in Sources */,
				ED5A421222E5284900EA3C98 /* LoginServer.swift in Sources */,
				AAA8BFC9237E53CF00BB4C85 /* msg_server.pb.swift in Sources */,
				AA69CFAD2362A325008101AA /* Ubuntu.swift in Sources */,
				AA6CACE822DD26F600041AF3 /* OverviewTable.swift in Sources */,
				AAC198FD22E40D27004361C5 /* FolderCell.swift in Sources */,
				85CECBF922D9897400EF1A6E /* Settings.swift in Sources */,
				AA42524222E953B30083F7F4 /* MacroSelectCell.swift in Sources */,
				AAA8BFD9237E53CF00BB4C85 /* msg_power.pb.swift in Sources */,
				AA677D1A235D5174001BE400 /* InfoCell.swift in Sources */,
				AAAC2FD8235512A200425E9A /* RemoteDesktop.swift in Sources */,
				AA69CCA722DE9E0000DFD721 /* MacroSelect.swift in Sources */,
				AA61588A233583CF0035622F /* ManagementHandler.swift in Sources */,
				AAA8BFD7237E53CF00BB4C85 /* user.pb.swift in Sources */,
				85A2F87D22DAC2F300B2FD7D /* ServerCell.swift in Sources */,
				AA69CCA122DE85CC00DFD721 /* MacroResultHeader.swift in Sources */,
				AAA8BFDB237E53CF00BB4C85 /* message_shell.pb.swift in Sources */,
				AAA8BFDE237E53CF00BB4C85 /* msg_desktop.pb.swift in Sources */,
				AAA8BFC2237E53CF00BB4C85 /* msg_user.pb.swift in Sources */,
				AAA8BFDC237E53CF00BB4C85 /* msg_filesys.pb.swift in Sources */,
				AAF3F67123557362003EE9B1 /* ShellSession.swift in Sources */,
				AADCAF10238A2BC200E6452E /* AboutTable.swift in Sources */,
				AA61588E2335A4300035622F /* SandpolisUtil.swift in Sources */,
				AA72E0D82367D22F00C23D39 /* MacroResultCell.swift in Sources */,
				8E653C2222E6595D00BB8FEA /* ClientManager.swift in Sources */,
				AAA8BFC4237E53CF00BB4C85 /* msg_generator.pb.swift in Sources */,
				AADED2D5238CA3800099D067 /* SandpolisConnection+FilesysPlugin.swift in Sources */,
				AA86F6DE23497866000C0B94 /* Step4.swift in Sources */,
				8EAD841C22CBD80700B49D59 /* ClientMap.swift in Sources */,
				ED5A421422E5289C00EA3C98 /* CreateAccount.swift in Sources */,
				AA70158622D7C98D00A1E4ED /* SandpolisServer.swift in Sources */,
				AAF390E7230BC7F1008C9469 /* ResponseHandler.swift in Sources */,
				AAA8BFD1237E53CF00BB4C85 /* generator.pb.swift in Sources */,
				85A2F87C22DAC2F300B2FD7D /* ClientCell.swift in Sources */,
				AA42524422E980380083F7F4 /* MacroResult.swift in Sources */,
				8542D40622D6A95E00F56F70 /* AddServer.swift in Sources */,
				AAA8BFCC237E53CF00BB4C85 /* msg_group.pb.swift in Sources */,
				AA07249E2311E2A00087190F /* CloudPricing.swift in Sources */,
				AAB6D957235FEA6300FED79B /* Document.swift in Sources */,
				AA72E0D62367D07600C23D39 /* MacroCell.swift in Sources */,
				AAA8BFC3237E53CF00BB4C85 /* msg_client.pb.swift in Sources */,
				AA899D32231A066500E7C703 /* Step2.swift in Sources */,
				AAA8BFC7237E53CF00BB4C85 /* msg_attribute.pb.swift in Sources */,
				AA6CACF122DD48D300041AF3 /* GroupHostCell.swift in Sources */,
				AAAC2FD623550D5900425E9A /* Actions.swift in Sources */,
				AAAC2FD42355012000425E9A /* ControlPanel.swift in Sources */,
				AAC4B69422BDE54500B0E354 /* SandpolisConnection.swift in Sources */,
				ED1FB93F22D83F4200D35565 /* LoginAccount.swift in Sources */,
				AAA8BFCB237E53CF00BB4C85 /* msg_ping.pb.swift in Sources */,
				AA752B4622F2340100E90B54 /* BackgroundView.swift in Sources */,
				AA899D34231A067A00E7C703 /* Step3.swift in Sources */,
				AAA8BFCD237E53CF00BB4C85 /* msg_login.pb.swift in Sources */,
				AA61588C23359FF50035622F /* ClientHandler.swift in Sources */,
				AAA8BFCE237E53CF00BB4C85 /* msg_cvid.pb.swift in Sources */,
				AA70158422D7C93900A1E4ED /* SandpolisProfile.swift in Sources */,
				AAA8BFD2237E53CF00BB4C85 /* platform.pb.swift in Sources */,
				AA3BDAAD23838FC600540564 /* UITextField+Icon.swift in Sources */,
				AABFEE17237D359D0022C58D /* GroupActions.swift in Sources */,
				AADCAF12238A2CDA00E6452E /* VersionCell.swift in Sources */,
				AAA8BFC1237E53CE00BB4C85 /* msg_listener.pb.swift in Sources */,
				AA6A75B8236154BB00AA1A4D /* Terminal.swift in Sources */,
				AA70158922D7CAD800A1E4ED /* SandpolisStream.swift in Sources */,
				AAA8BFC8237E53CF00BB4C85 /* msg_plugin.pb.swift in Sources */,
				AAB9B6D2239C349F002F192C /* About.swift in Sources */,
				AA6A75BA236156F700AA1A4D /* TerminalView.swift in Sources */,
				AAA8BFDD237E53CF00BB4C85 /* message_filesys.pb.swift in Sources */,
				AAA8BFC5237E53CF00BB4C85 /* msg_network.pb.swift in Sources */,
				AAA591B92384CCEF00A2893A /* UIViewController+Login.swift in Sources */,
				AAA8BFE1237E53CF00BB4C85 /* msg_rd.pb.swift in Sources */,
				AACBF8D622F3A9750015DCE6 /* FolderUpCell.swift in Sources */,
				AA81DD5322BD8C5200024120 /* AppDelegate.swift in Sources */,
				AAA8BFD4237E53CF00BB4C85 /* location.pb.swift in Sources */,
				AAC198F922E40CA6004361C5 /* FileCell.swift in Sources */,
				AAA8BFD0237E53CF00BB4C85 /* result.pb.swift in Sources */,
			);
			runOnlyForDeploymentPostprocessing = 0;
		};
/* End PBXSourcesBuildPhase section */

/* Begin PBXVariantGroup section */
		AA81DD5622BD8C5200024120 /* Main.storyboard */ = {
			isa = PBXVariantGroup;
			children = (
				AA81DD5722BD8C5200024120 /* Base */,
			);
			name = Main.storyboard;
			sourceTree = "<group>";
		};
		AA81DD5E22BD8C5400024120 /* LaunchScreen.storyboard */ = {
			isa = PBXVariantGroup;
			children = (
				AA81DD5F22BD8C5400024120 /* Base */,
			);
			name = LaunchScreen.storyboard;
			sourceTree = "<group>";
		};
/* End PBXVariantGroup section */

/* Begin XCBuildConfiguration section */
		AA81DD6222BD8C5400024120 /* Debug */ = {
			isa = XCBuildConfiguration;
			buildSettings = {
				ALWAYS_SEARCH_USER_PATHS = NO;
				CLANG_ANALYZER_NONNULL = YES;
				CLANG_ANALYZER_NUMBER_OBJECT_CONVERSION = YES_AGGRESSIVE;
				CLANG_CXX_LANGUAGE_STANDARD = "gnu++14";
				CLANG_CXX_LIBRARY = "libc++";
				CLANG_ENABLE_MODULES = YES;
				CLANG_ENABLE_OBJC_ARC = YES;
				CLANG_ENABLE_OBJC_WEAK = YES;
				CLANG_WARN_BLOCK_CAPTURE_AUTORELEASING = YES;
				CLANG_WARN_BOOL_CONVERSION = YES;
				CLANG_WARN_COMMA = YES;
				CLANG_WARN_CONSTANT_CONVERSION = YES;
				CLANG_WARN_DEPRECATED_OBJC_IMPLEMENTATIONS = YES;
				CLANG_WARN_DIRECT_OBJC_ISA_USAGE = YES_ERROR;
				CLANG_WARN_DOCUMENTATION_COMMENTS = YES;
				CLANG_WARN_EMPTY_BODY = YES;
				CLANG_WARN_ENUM_CONVERSION = YES;
				CLANG_WARN_INFINITE_RECURSION = YES;
				CLANG_WARN_INT_CONVERSION = YES;
				CLANG_WARN_NON_LITERAL_NULL_CONVERSION = YES;
				CLANG_WARN_OBJC_IMPLICIT_RETAIN_SELF = YES;
				CLANG_WARN_OBJC_LITERAL_CONVERSION = YES;
				CLANG_WARN_OBJC_ROOT_CLASS = YES_ERROR;
				CLANG_WARN_RANGE_LOOP_ANALYSIS = YES;
				CLANG_WARN_STRICT_PROTOTYPES = YES;
				CLANG_WARN_SUSPICIOUS_MOVE = YES;
				CLANG_WARN_UNGUARDED_AVAILABILITY = YES_AGGRESSIVE;
				CLANG_WARN_UNREACHABLE_CODE = YES;
				CLANG_WARN__DUPLICATE_METHOD_MATCH = YES;
				CODE_SIGN_IDENTITY = "iPhone Developer";
				COPY_PHASE_STRIP = NO;
				DEAD_CODE_STRIPPING = NO;
				DEBUG_INFORMATION_FORMAT = dwarf;
				ENABLE_STRICT_OBJC_MSGSEND = YES;
				ENABLE_TESTABILITY = YES;
				GCC_C_LANGUAGE_STANDARD = gnu11;
				GCC_DYNAMIC_NO_PIC = NO;
				GCC_NO_COMMON_BLOCKS = YES;
				GCC_OPTIMIZATION_LEVEL = 0;
				GCC_PREPROCESSOR_DEFINITIONS = (
					"DEBUG=1",
					"$(inherited)",
				);
				GCC_WARN_64_TO_32_BIT_CONVERSION = YES;
				GCC_WARN_ABOUT_RETURN_TYPE = YES_ERROR;
				GCC_WARN_UNDECLARED_SELECTOR = YES;
				GCC_WARN_UNINITIALIZED_AUTOS = YES_AGGRESSIVE;
				GCC_WARN_UNUSED_FUNCTION = YES;
				GCC_WARN_UNUSED_VARIABLE = YES;
				IPHONEOS_DEPLOYMENT_TARGET = 12.2;
				MTL_ENABLE_DEBUG_INFO = INCLUDE_SOURCE;
				MTL_FAST_MATH = YES;
				ONLY_ACTIVE_ARCH = YES;
				SDKROOT = iphoneos;
				SWIFT_ACTIVE_COMPILATION_CONDITIONS = DEBUG;
				SWIFT_OPTIMIZATION_LEVEL = "-Onone";
			};
			name = Debug;
		};
		AA81DD6322BD8C5400024120 /* Release */ = {
			isa = XCBuildConfiguration;
			buildSettings = {
				ALWAYS_SEARCH_USER_PATHS = NO;
				CLANG_ANALYZER_NONNULL = YES;
				CLANG_ANALYZER_NUMBER_OBJECT_CONVERSION = YES_AGGRESSIVE;
				CLANG_CXX_LANGUAGE_STANDARD = "gnu++14";
				CLANG_CXX_LIBRARY = "libc++";
				CLANG_ENABLE_MODULES = YES;
				CLANG_ENABLE_OBJC_ARC = YES;
				CLANG_ENABLE_OBJC_WEAK = YES;
				CLANG_WARN_BLOCK_CAPTURE_AUTORELEASING = YES;
				CLANG_WARN_BOOL_CONVERSION = YES;
				CLANG_WARN_COMMA = YES;
				CLANG_WARN_CONSTANT_CONVERSION = YES;
				CLANG_WARN_DEPRECATED_OBJC_IMPLEMENTATIONS = YES;
				CLANG_WARN_DIRECT_OBJC_ISA_USAGE = YES_ERROR;
				CLANG_WARN_DOCUMENTATION_COMMENTS = YES;
				CLANG_WARN_EMPTY_BODY = YES;
				CLANG_WARN_ENUM_CONVERSION = YES;
				CLANG_WARN_INFINITE_RECURSION = YES;
				CLANG_WARN_INT_CONVERSION = YES;
				CLANG_WARN_NON_LITERAL_NULL_CONVERSION = YES;
				CLANG_WARN_OBJC_IMPLICIT_RETAIN_SELF = YES;
				CLANG_WARN_OBJC_LITERAL_CONVERSION = YES;
				CLANG_WARN_OBJC_ROOT_CLASS = YES_ERROR;
				CLANG_WARN_RANGE_LOOP_ANALYSIS = YES;
				CLANG_WARN_STRICT_PROTOTYPES = YES;
				CLANG_WARN_SUSPICIOUS_MOVE = YES;
				CLANG_WARN_UNGUARDED_AVAILABILITY = YES_AGGRESSIVE;
				CLANG_WARN_UNREACHABLE_CODE = YES;
				CLANG_WARN__DUPLICATE_METHOD_MATCH = YES;
				CODE_SIGN_IDENTITY = "iPhone Developer";
				COPY_PHASE_STRIP = NO;
				DEAD_CODE_STRIPPING = NO;
				DEBUG_INFORMATION_FORMAT = "dwarf-with-dsym";
				ENABLE_NS_ASSERTIONS = NO;
				ENABLE_STRICT_OBJC_MSGSEND = YES;
				GCC_C_LANGUAGE_STANDARD = gnu11;
				GCC_NO_COMMON_BLOCKS = YES;
				GCC_WARN_64_TO_32_BIT_CONVERSION = YES;
				GCC_WARN_ABOUT_RETURN_TYPE = YES_ERROR;
				GCC_WARN_UNDECLARED_SELECTOR = YES;
				GCC_WARN_UNINITIALIZED_AUTOS = YES_AGGRESSIVE;
				GCC_WARN_UNUSED_FUNCTION = YES;
				GCC_WARN_UNUSED_VARIABLE = YES;
				IPHONEOS_DEPLOYMENT_TARGET = 12.2;
				MTL_ENABLE_DEBUG_INFO = NO;
				MTL_FAST_MATH = YES;
				SDKROOT = iphoneos;
				SWIFT_COMPILATION_MODE = wholemodule;
				SWIFT_OPTIMIZATION_LEVEL = "-O";
				VALIDATE_PRODUCT = YES;
			};
			name = Release;
		};
		AA81DD6522BD8C5400024120 /* Debug */ = {
			isa = XCBuildConfiguration;
			baseConfigurationReference = F94C3F7F6540C8FC477A1CB5 /* Pods-Sandpolis.debug.xcconfig */;
			buildSettings = {
				ASSETCATALOG_COMPILER_APPICON_NAME = AppIcon;
				CODE_SIGN_STYLE = Automatic;
				CURRENT_PROJECT_VERSION = 8;
				DEVELOPMENT_TEAM = 858CG57YNC;
				INFOPLIST_FILE = "$(SRCROOT)/Source/Info.plist";
				IPHONEOS_DEPLOYMENT_TARGET = 11.0;
				LD_RUNPATH_SEARCH_PATHS = (
					"$(inherited)",
					"@executable_path/Frameworks",
				);
				MARKETING_VERSION = 1.0.0;
				PRODUCT_BUNDLE_IDENTIFIER = com.sandpolis.viewer.lockstone;
				PRODUCT_NAME = "$(TARGET_NAME)";
				SWIFT_VERSION = 5.0;
				TARGETED_DEVICE_FAMILY = "1,2";
			};
			name = Debug;
		};
		AA81DD6622BD8C5400024120 /* Release */ = {
			isa = XCBuildConfiguration;
			baseConfigurationReference = D6FAA9DD9E6A3A54142F1F78 /* Pods-Sandpolis.release.xcconfig */;
			buildSettings = {
				ASSETCATALOG_COMPILER_APPICON_NAME = AppIcon;
				CODE_SIGN_STYLE = Automatic;
				CURRENT_PROJECT_VERSION = 8;
				DEVELOPMENT_TEAM = 858CG57YNC;
				INFOPLIST_FILE = "$(SRCROOT)/Source/Info.plist";
				IPHONEOS_DEPLOYMENT_TARGET = 11.0;
				LD_RUNPATH_SEARCH_PATHS = (
					"$(inherited)",
					"@executable_path/Frameworks",
				);
				MARKETING_VERSION = 1.0.0;
				PRODUCT_BUNDLE_IDENTIFIER = com.sandpolis.viewer.lockstone;
				PRODUCT_NAME = "$(TARGET_NAME)";
				SWIFT_VERSION = 5.0;
				TARGETED_DEVICE_FAMILY = "1,2";
			};
			name = Release;
		};
/* End XCBuildConfiguration section */

/* Begin XCConfigurationList section */
		AA81DD4A22BD8C5200024120 /* Build configuration list for PBXProject "Sandpolis" */ = {
			isa = XCConfigurationList;
			buildConfigurations = (
				AA81DD6222BD8C5400024120 /* Debug */,
				AA81DD6322BD8C5400024120 /* Release */,
			);
			defaultConfigurationIsVisible = 0;
			defaultConfigurationName = Release;
		};
		AA81DD6422BD8C5400024120 /* Build configuration list for PBXNativeTarget "Sandpolis" */ = {
			isa = XCConfigurationList;
			buildConfigurations = (
				AA81DD6522BD8C5400024120 /* Debug */,
				AA81DD6622BD8C5400024120 /* Release */,
			);
			defaultConfigurationIsVisible = 0;
			defaultConfigurationName = Release;
		};
/* End XCConfigurationList section */

/* Begin XCRemoteSwiftPackageReference section */
		AAB1518423A4671900BCFAFD /* XCRemoteSwiftPackageReference "swift-nio-protobuf" */ = {
			isa = XCRemoteSwiftPackageReference;
			repositoryURL = "https://github.com/AlanQuatermain/swift-nio-protobuf";
			requirement = {
				kind = upToNextMajorVersion;
				minimumVersion = 0.1.2;
			};
		};
		AABF01E723349D6800DEA0E4 /* XCRemoteSwiftPackageReference "swift-nio" */ = {
			isa = XCRemoteSwiftPackageReference;
			repositoryURL = "https://github.com/apple/swift-nio.git";
			requirement = {
				kind = upToNextMajorVersion;
				minimumVersion = 2.8.0;
			};
		};
		AABF01EA23349DE300DEA0E4 /* XCRemoteSwiftPackageReference "swift-nio-ssl" */ = {
			isa = XCRemoteSwiftPackageReference;
			repositoryURL = "https://github.com/apple/swift-nio-ssl.git";
			requirement = {
				kind = upToNextMajorVersion;
				minimumVersion = 2.4.0;
			};
		};
		AABF01ED23349ED300DEA0E4 /* XCRemoteSwiftPackageReference "swift-protobuf" */ = {
			isa = XCRemoteSwiftPackageReference;
			repositoryURL = "https://github.com/apple/swift-protobuf.git";
			requirement = {
				kind = upToNextMajorVersion;
				minimumVersion = 1.6.0;
			};
		};
		AAC170DC238E0D6D0055FC9B /* XCRemoteSwiftPackageReference "Charts" */ = {
			isa = XCRemoteSwiftPackageReference;
			repositoryURL = "https://github.com/danielgindi/Charts";
			requirement = {
				kind = upToNextMajorVersion;
				minimumVersion = 3.4.0;
			};
		};
		AAC71BA223939E0B00E6C901 /* XCRemoteSwiftPackageReference "SwiftEventBus" */ = {
			isa = XCRemoteSwiftPackageReference;
			repositoryURL = "https://github.com/cesarferreira/SwiftEventBus";
			requirement = {
				kind = upToNextMajorVersion;
				minimumVersion = 5.0.1;
			};
		};
/* End XCRemoteSwiftPackageReference section */

/* Begin XCSwiftPackageProductDependency section */
		AAB1518523A4671900BCFAFD /* NIOProtobuf */ = {
			isa = XCSwiftPackageProductDependency;
			package = AAB1518423A4671900BCFAFD /* XCRemoteSwiftPackageReference "swift-nio-protobuf" */;
			productName = NIOProtobuf;
		};
		AABF01E823349D6800DEA0E4 /* NIO */ = {
			isa = XCSwiftPackageProductDependency;
			package = AABF01E723349D6800DEA0E4 /* XCRemoteSwiftPackageReference "swift-nio" */;
			productName = NIO;
		};
		AABF01EB23349DE300DEA0E4 /* NIOSSL */ = {
			isa = XCSwiftPackageProductDependency;
			package = AABF01EA23349DE300DEA0E4 /* XCRemoteSwiftPackageReference "swift-nio-ssl" */;
			productName = NIOSSL;
		};
		AABF01EE23349ED300DEA0E4 /* SwiftProtobuf */ = {
			isa = XCSwiftPackageProductDependency;
			package = AABF01ED23349ED300DEA0E4 /* XCRemoteSwiftPackageReference "swift-protobuf" */;
			productName = SwiftProtobuf;
		};
		AAC170DD238E0D6D0055FC9B /* Charts */ = {
			isa = XCSwiftPackageProductDependency;
			package = AAC170DC238E0D6D0055FC9B /* XCRemoteSwiftPackageReference "Charts" */;
			productName = Charts;
		};
		AAC71BA323939E0B00E6C901 /* SwiftEventBus */ = {
			isa = XCSwiftPackageProductDependency;
			package = AAC71BA223939E0B00E6C901 /* XCRemoteSwiftPackageReference "SwiftEventBus" */;
			productName = SwiftEventBus;
		};
/* End XCSwiftPackageProductDependency section */
	};
	rootObject = AA81DD4722BD8C5200024120 /* Project object */;
}
