{
  "object": {
    "pins": [
      {
        "package": "Charts",
        "repositoryURL": "https://github.com/danielgindi/Charts",
        "state": {
          "branch": null,
          "revision": "7ac4a05e83d279bac305a472af9128c2a0eca3d7",
          "version": "3.5.0"
        }
      },
      {
        "package": "swift-nio",
        "repositoryURL": "https://github.com/apple/swift-nio.git",
        "state": {
          "branch": null,
          "revision": "acf5465b5e7fb9aeda54a34d16fb44c31a399715",
          "version": "2.20.2"
        }
      },
      {
        "package": "NIOProtobuf",
        "repositoryURL": "https://github.com/AlanQuatermain/swift-nio-protobuf",
        "state": {
          "branch": null,
          "revision": "f75ca23544fe1f5c40b3cfe10c4aea06bb24930d",
          "version": "0.1.2"
        }
      },
      {
        "package": "swift-nio-ssl",
        "repositoryURL": "https://github.com/apple/swift-nio-ssl.git",
        "state": {
          "branch": null,
          "revision": "8a137b72a9339f295bc8bb95cd2fafe207f1df0d",
          "version": "2.9.0"
        }
      },
      {
        "package": "SwiftProtobuf",
        "repositoryURL": "https://github.com/apple/swift-protobuf.git",
        "state": {
          "branch": null,
          "revision": "cc10a0a3149579d36bc546d97064884cb818f324",
          "version": "1.11.0"
        }
      },
      {
        "package": "SwiftEventBus",
        "repositoryURL": "https://github.com/cesarferreira/SwiftEventBus",
        "state": {
          "branch": null,
          "revision": "cea5121162d88f233f392f63acbc8468fdd77927",
          "version": "5.0.1"
        }
      }
    ]
  },
  "version": 1
}
